PODS:
  - AFNetworking (3.2.0):
    - AFNetworking/NSURLSession (= 3.2.0)
    - AFNetworking/Reachability (= 3.2.0)
    - AFNetworking/Security (= 3.2.0)
    - AFNetworking/Serialization (= 3.2.0)
    - AFNetworking/UIKit (= 3.2.0)
  - AFNetworking/NSURLSession (3.2.0):
    - AFNetworking/Reachability
    - AFNetworking/Security
    - AFNetworking/Serialization
  - AFNetworking/Reachability (3.2.0)
  - AFNetworking/Security (3.2.0)
  - AFNetworking/Serialization (3.2.0)
  - AFNetworking/UIKit (3.2.0):
    - AFNetworking/NSURLSession
  - AliPay (2.1.2)
  - MUKit (1.0.1):
    - MUKit/MUAdaptiveView (= 1.0.1)
    - MUKit/MUCarousel (= 1.0.1)
    - MUKit/MUCollectionViewManager (= 1.0.1)
    - MUKit/MUColor (= 1.0.1)
    - MUKit/MUEManager (= 1.0.1)
    - MUKit/MUImage (= 1.0.1)
    - MUKit/MUNavigation (= 1.0.1)
    - MUKit/MUNormal (= 1.0.1)
    - MUKit/MUPaperView (= 1.0.1)
    - MUKit/MUPopupController (= 1.0.1)
    - MUKit/MUQRCodeScanTool (= 1.0.1)
    - MUKit/MUSignal (= 1.0.1)
    - MUKit/MUTableViewManager (= 1.0.1)
  - MUKit/MUAdaptiveView (1.0.1):
    - SDWebImage
  - MUKit/MUCarousel (1.0.1):
    - SDWebImage
  - MUKit/MUCollectionViewManager (1.0.1):
    - YYModel
  - MUKit/MUColor (1.0.1)
  - MUKit/MUEManager (1.0.1):
    - AliPay
    - TencentOpenApiSDK
    - WeChat_SDK
    - WeiboSDK
  - MUKit/MUImage (1.0.1)
  - MUKit/MUNavigation (1.0.1):
    - YYModel
  - MUKit/MUNormal (1.0.1)
  - MUKit/MUPaperView (1.0.1)
  - MUKit/MUPopupController (1.0.1)
  - MUKit/MUQRCodeScanTool (1.0.1)
  - MUKit/MUSignal (1.0.1)
  - MUKit/MUTableViewManager (1.0.1):
    - YYModel
  - SDWebImage (4.3.3):
    - SDWebImage/Core (= 4.3.3)
  - SDWebImage/Core (4.3.3)
  - TencentOpenApiSDK (2.9.5):
    - TencentOpenApiSDK/Basic (= 2.9.5)
  - TencentOpenApiSDK/Basic (2.9.5)
  - WeChat_SDK (1.8.1)
  - WeiboSDK (3.1.3)
  - YYModel (1.0.4)

DEPENDENCIES:
  - AFNetworking
  - MUKit (from `../../MUKit`)

EXTERNAL SOURCES:
  MUKit:
    :path: ../../MUKit

SPEC CHECKSUMS:
  AFNetworking: 8ac6017b94ea105479f7776e5288e48ae9c59bb4
  AliPay: 2bd35a4e486d2a8c035043023cd846e886bb21d1
  MUKit: 760baca8684de190940651bf5367613949a9fad3
  SDWebImage: de4d90b5bff3571eae7bd16202b1f43135409fa5
  TencentOpenApiSDK: a0d7716edd6eb438d65828168e8e5137301b436d
  WeChat_SDK: 681388233ac24a3ed6c4803cb3e0b6d3602050aa
  WeiboSDK: acb067053668102cf07d01aa7604350162c2e466
  YYModel: 2a7fdd96aaa4b86a824e26d0c517de8928c04b30

PODFILE CHECKSUM: ce7ec96c64cdb683a89aa8b56cd2573afb8cff1c

COCOAPODS: 1.4.0
