// !$*UTF8*$!
{
	archiveVersion = 1;
	classes = {
	};
	objectVersion = 46;
	objects = {

/* Begin PBXBuildFile section */
		30AA365FBC45F8EA1F2C0BE0 /* libPods-MUKit_Example.a in Frameworks */ = {isa = PBXBuildFile; fileRef = E180C62CD15CD23E4952D3A9 /* libPods-MUKit_Example.a */; };
		6003F58E195388D20070C39A /* Foundation.framework in Frameworks */ = {isa = PBXBuildFile; fileRef = 6003F58D195388D20070C39A /* Foundation.framework */; };
		6003F590195388D20070C39A /* CoreGraphics.framework in Frameworks */ = {isa = PBXBuildFile; fileRef = 6003F58F195388D20070C39A /* CoreGraphics.framework */; };
		6003F592195388D20070C39A /* UIKit.framework in Frameworks */ = {isa = PBXBuildFile; fileRef = 6003F591195388D20070C39A /* UIKit.framework */; };
		6003F598195388D20070C39A /* InfoPlist.strings in Resources */ = {isa = PBXBuildFile; fileRef = 6003F596195388D20070C39A /* InfoPlist.strings */; };
		6003F59A195388D20070C39A /* main.m in Sources */ = {isa = PBXBuildFile; fileRef = 6003F599195388D20070C39A /* main.m */; };
		6003F59E195388D20070C39A /* MUKitDemoAppDelegate.m in Sources */ = {isa = PBXBuildFile; fileRef = 6003F59D195388D20070C39A /* MUKitDemoAppDelegate.m */; };
		6003F5A7195388D20070C39A /* MUKitDemoViewController.m in Sources */ = {isa = PBXBuildFile; fileRef = 6003F5A6195388D20070C39A /* MUKitDemoViewController.m */; };
		6003F5A9195388D20070C39A /* Images.xcassets in Resources */ = {isa = PBXBuildFile; fileRef = 6003F5A8195388D20070C39A /* Images.xcassets */; };
		6003F5B0195388D20070C39A /* XCTest.framework in Frameworks */ = {isa = PBXBuildFile; fileRef = 6003F5AF195388D20070C39A /* XCTest.framework */; };
		6003F5B1195388D20070C39A /* Foundation.framework in Frameworks */ = {isa = PBXBuildFile; fileRef = 6003F58D195388D20070C39A /* Foundation.framework */; };
		6003F5B2195388D20070C39A /* UIKit.framework in Frameworks */ = {isa = PBXBuildFile; fileRef = 6003F591195388D20070C39A /* UIKit.framework */; };
		6003F5BA195388D20070C39A /* InfoPlist.strings in Resources */ = {isa = PBXBuildFile; fileRef = 6003F5B8195388D20070C39A /* InfoPlist.strings */; };
		6003F5BC195388D20070C39A /* Tests.m in Sources */ = {isa = PBXBuildFile; fileRef = 6003F5BB195388D20070C39A /* Tests.m */; };
		71719F9F1E33DC2100824A3D /* LaunchScreen.storyboard in Resources */ = {isa = PBXBuildFile; fileRef = 71719F9D1E33DC2100824A3D /* LaunchScreen.storyboard */; };
		873B8AEB1B1F5CCA007FD442 /* Main.storyboard in Resources */ = {isa = PBXBuildFile; fileRef = 873B8AEA1B1F5CCA007FD442 /* Main.storyboard */; };
		A40F55FF1F98439700DFB729 /* MUKitDemoQRCodeScanController.m in Sources */ = {isa = PBXBuildFile; fileRef = A40F55FE1F98439700DFB729 /* MUKitDemoQRCodeScanController.m */; };
		A41742551F74A5FE005CCDD6 /* MUCameraAndPhotosManager.m in Sources */ = {isa = PBXBuildFile; fileRef = A41742521F74A5FE005CCDD6 /* MUCameraAndPhotosManager.m */; };
		A41742561F74A5FE005CCDD6 /* MUCameraAndPhotosObject.m in Sources */ = {isa = PBXBuildFile; fileRef = A41742541F74A5FE005CCDD6 /* MUCameraAndPhotosObject.m */; };
		A41E35271F7F34C900613641 /* MUKitDemoHeaderViewController.m in Sources */ = {isa = PBXBuildFile; fileRef = A41E35261F7F34C900613641 /* MUKitDemoHeaderViewController.m */; };
		A41E352F1F7F3ABD00613641 /* MUKitDemoTestTableHeaderView.m in Sources */ = {isa = PBXBuildFile; fileRef = A41E352E1F7F3ABD00613641 /* MUKitDemoTestTableHeaderView.m */; };
		A41E35311F7F3ACA00613641 /* MUKitDemoTestTableHeaderView.xib in Resources */ = {isa = PBXBuildFile; fileRef = A41E35301F7F3ACA00613641 /* MUKitDemoTestTableHeaderView.xib */; };
		A423E8E41FA81DB40034F8C0 /* MUKitDemoCollectionViewSignalCell.m in Sources */ = {isa = PBXBuildFile; fileRef = A423E8E21FA81DB40034F8C0 /* MUKitDemoCollectionViewSignalCell.m */; };
		A423E8E51FA81DB40034F8C0 /* MUKitDemoCollectionViewSignalCell.xib in Resources */ = {isa = PBXBuildFile; fileRef = A423E8E31FA81DB40034F8C0 /* MUKitDemoCollectionViewSignalCell.xib */; };
		A43F373B1F99FA42003F720E /* beep.wav in Resources */ = {isa = PBXBuildFile; fileRef = A43F373A1F99FA42003F720E /* beep.wav */; };
		A43F76521F53B4B40097E0F6 /* base64.m in Sources */ = {isa = PBXBuildFile; fileRef = A43F76481F53B4B40097E0F6 /* base64.m */; };
		A43F76531F53B4B40097E0F6 /* NSDataEx.m in Sources */ = {isa = PBXBuildFile; fileRef = A43F764B1F53B4B40097E0F6 /* NSDataEx.m */; };
		A43F76541F53B4B40097E0F6 /* openssl_wrapper.m in Sources */ = {isa = PBXBuildFile; fileRef = A43F764D1F53B4B40097E0F6 /* openssl_wrapper.m */; };
		A43F76551F53B4B40097E0F6 /* RSADataSigner.m in Sources */ = {isa = PBXBuildFile; fileRef = A43F764F1F53B4B40097E0F6 /* RSADataSigner.m */; };
		A43F76561F53B4B40097E0F6 /* RSADataVerifier.m in Sources */ = {isa = PBXBuildFile; fileRef = A43F76511F53B4B40097E0F6 /* RSADataVerifier.m */; };
		A45336B41F6B643100D0E824 /* ZCHBBusinessmenLoginHeaderView.xib in Resources */ = {isa = PBXBuildFile; fileRef = A45336B31F6B643100D0E824 /* ZCHBBusinessmenLoginHeaderView.xib */; };
		A45336B81F6B70B000D0E824 /* BusinessModel.m in Sources */ = {isa = PBXBuildFile; fileRef = A45336B71F6B70B000D0E824 /* BusinessModel.m */; };
		A45336BC1F6B72B600D0E824 /* BusinessParameterModel.m in Sources */ = {isa = PBXBuildFile; fileRef = A45336BB1F6B72B600D0E824 /* BusinessParameterModel.m */; };
		A45336BF1F6B735C00D0E824 /* BusinessHTTPSessionManager.m in Sources */ = {isa = PBXBuildFile; fileRef = A45336BE1F6B735C00D0E824 /* BusinessHTTPSessionManager.m */; };
		A45336C11F6B74BE00D0E824 /* 213983660940391.cer in Resources */ = {isa = PBXBuildFile; fileRef = A45336C01F6B74BE00D0E824 /* 213983660940391.cer */; };
		A45336C41F6B7A5A00D0E824 /* BusinessUserDataModel.m in Sources */ = {isa = PBXBuildFile; fileRef = A45336C31F6B7A5A00D0E824 /* BusinessUserDataModel.m */; };
		A45423381F4837790069DF8E /* MUKitDemoTableViewCell.m in Sources */ = {isa = PBXBuildFile; fileRef = A45423331F4837790069DF8E /* MUKitDemoTableViewCell.m */; };
		A45423391F4837790069DF8E /* MUKitDemoTableViewCell.xib in Resources */ = {isa = PBXBuildFile; fileRef = A45423341F4837790069DF8E /* MUKitDemoTableViewCell.xib */; };
		A454233A1F4837790069DF8E /* MUTableViewCell.m in Sources */ = {isa = PBXBuildFile; fileRef = A45423361F4837790069DF8E /* MUTableViewCell.m */; };
		A454233B1F4837790069DF8E /* MUTableViewCell.xib in Resources */ = {isa = PBXBuildFile; fileRef = A45423371F4837790069DF8E /* MUTableViewCell.xib */; };
		A454233F1F48396F0069DF8E /* MUKitDemoSignalCell.m in Sources */ = {isa = PBXBuildFile; fileRef = A454233D1F48396F0069DF8E /* MUKitDemoSignalCell.m */; };
		A45423401F48396F0069DF8E /* MUKitDemoSignalCell.xib in Resources */ = {isa = PBXBuildFile; fileRef = A454233E1F48396F0069DF8E /* MUKitDemoSignalCell.xib */; };
		A478209D1F5006E800390101 /* libcrypto.a in Frameworks */ = {isa = PBXBuildFile; fileRef = A478209B1F5006E800390101 /* libcrypto.a */; };
		A478209E1F5006E800390101 /* libssl.a in Frameworks */ = {isa = PBXBuildFile; fileRef = A478209C1F5006E800390101 /* libssl.a */; };
		A47820A41F5010C400390101 /* Order.m in Sources */ = {isa = PBXBuildFile; fileRef = A47820A31F5010C400390101 /* Order.m */; };
		A47820A81F50126300390101 /* MUKitDemoLoadingModel.m in Sources */ = {isa = PBXBuildFile; fileRef = A47820A71F50126300390101 /* MUKitDemoLoadingModel.m */; };
		A47820AB1F50126B00390101 /* MUKitDemoPaymentTableViewController.m in Sources */ = {isa = PBXBuildFile; fileRef = A47820AA1F50126B00390101 /* MUKitDemoPaymentTableViewController.m */; };
		A48DC0511F4BD13D006C995E /* MUKitDemoCollectionViewCell.m in Sources */ = {isa = PBXBuildFile; fileRef = A48DC04F1F4BD13D006C995E /* MUKitDemoCollectionViewCell.m */; };
		A48DC0521F4BD13D006C995E /* MUKitDemoCollectionViewCell.xib in Resources */ = {isa = PBXBuildFile; fileRef = A48DC0501F4BD13D006C995E /* MUKitDemoCollectionViewCell.xib */; };
		A48DC0551F4BD856006C995E /* MUKitDemoMVVMColloectionController.m in Sources */ = {isa = PBXBuildFile; fileRef = A48DC0541F4BD856006C995E /* MUKitDemoMVVMColloectionController.m */; };
		A48DC0591F4C0DC2006C995E /* MUKitDemoMVVMCollectionViewCell.m in Sources */ = {isa = PBXBuildFile; fileRef = A48DC0571F4C0DC2006C995E /* MUKitDemoMVVMCollectionViewCell.m */; };
		A48DC05A1F4C0DC2006C995E /* MUKitDemoMVVMCollectionViewCell.xib in Resources */ = {isa = PBXBuildFile; fileRef = A48DC0581F4C0DC2006C995E /* MUKitDemoMVVMCollectionViewCell.xib */; };
		A4B6796D1F4831520074AAC0 /* MUKitDemoDynamicRowHeightController.m in Sources */ = {isa = PBXBuildFile; fileRef = A4B6796C1F4831520074AAC0 /* MUKitDemoDynamicRowHeightController.m */; };
		A4B6F9041F457659008D9168 /* MUKitDemoTableViewController.m in Sources */ = {isa = PBXBuildFile; fileRef = A4B6F9031F457659008D9168 /* MUKitDemoTableViewController.m */; };
		A4B6F9091F457C96008D9168 /* MUKitDemoMVVMTableViewController.m in Sources */ = {isa = PBXBuildFile; fileRef = A4B6F9081F457C96008D9168 /* MUKitDemoMVVMTableViewController.m */; };
		A4B6F90C1F457DC1008D9168 /* MUTableViewController.m in Sources */ = {isa = PBXBuildFile; fileRef = A4B6F90B1F457DC1008D9168 /* MUTableViewController.m */; };
		A4B6F90F1F457FFF008D9168 /* MUTempModel.m in Sources */ = {isa = PBXBuildFile; fileRef = A4B6F90E1F457FFF008D9168 /* MUTempModel.m */; };
		A4B6F9151F458051008D9168 /* MUTableViewSectionModel.m in Sources */ = {isa = PBXBuildFile; fileRef = A4B6F9141F458051008D9168 /* MUTableViewSectionModel.m */; };
		A4B6F9221F4587D8008D9168 /* MUViewController.m in Sources */ = {isa = PBXBuildFile; fileRef = A4B6F9171F4587D8008D9168 /* MUViewController.m */; };
		A4B6F9231F4587D8008D9168 /* MUViewController.xib in Resources */ = {isa = PBXBuildFile; fileRef = A4B6F9181F4587D8008D9168 /* MUViewController.xib */; };
		A4B6F9241F4587D8008D9168 /* MUView.m in Sources */ = {isa = PBXBuildFile; fileRef = A4B6F91A1F4587D8008D9168 /* MUView.m */; };
		A4B6F9251F4587D8008D9168 /* MUView.xib in Resources */ = {isa = PBXBuildFile; fileRef = A4B6F91B1F4587D8008D9168 /* MUView.xib */; };
		A4B6F92C1F4588DC008D9168 /* MUKitSignalTableViewController.m in Sources */ = {isa = PBXBuildFile; fileRef = A4B6F92B1F4588DC008D9168 /* MUKitSignalTableViewController.m */; };
		A4F729921F6A0BB40083EE0B /* MUPasswordView.m in Sources */ = {isa = PBXBuildFile; fileRef = A4F729911F6A0BB40083EE0B /* MUPasswordView.m */; };
		A4F729A01F6A265E0083EE0B /* MUTranslucentController.m in Sources */ = {isa = PBXBuildFile; fileRef = A4F7299D1F6A265E0083EE0B /* MUTranslucentController.m */; };
		A4F729A11F6A265E0083EE0B /* MUTranslucentRootController.m in Sources */ = {isa = PBXBuildFile; fileRef = A4F7299F1F6A265E0083EE0B /* MUTranslucentRootController.m */; };
		A4F729A41F6A267B0083EE0B /* MUPaymentStyleManager.m in Sources */ = {isa = PBXBuildFile; fileRef = A4F729A31F6A267B0083EE0B /* MUPaymentStyleManager.m */; };
		A4F729A71F6A2B350083EE0B /* MUPaymentSuccessHUD.m in Sources */ = {isa = PBXBuildFile; fileRef = A4F729A61F6A2B350083EE0B /* MUPaymentSuccessHUD.m */; };
		A4F729AA1F6A2E280083EE0B /* MUPaymentLoadingHUD.m in Sources */ = {isa = PBXBuildFile; fileRef = A4F729A91F6A2E280083EE0B /* MUPaymentLoadingHUD.m */; };
		A4F729AE1F6A58D10083EE0B /* MUSinglePaymentView.m in Sources */ = {isa = PBXBuildFile; fileRef = A4F729AD1F6A58D10083EE0B /* MUSinglePaymentView.m */; };
		A4F729B21F6A610D0083EE0B /* MUSwitchView.m in Sources */ = {isa = PBXBuildFile; fileRef = A4F729B11F6A610D0083EE0B /* MUSwitchView.m */; };
		A4F729B61F6A76030083EE0B /* ZCHBSellerLoginController.m in Sources */ = {isa = PBXBuildFile; fileRef = A4F729B51F6A76030083EE0B /* ZCHBSellerLoginController.m */; };
		A4F729B91F6A776B0083EE0B /* ZCHBSellerLoginHeaderView.m in Sources */ = {isa = PBXBuildFile; fileRef = A4F729B81F6A776B0083EE0B /* ZCHBSellerLoginHeaderView.m */; };
		A4F729BB1F6A77750083EE0B /* ZCHBSellerLoginHeaderView.xib in Resources */ = {isa = PBXBuildFile; fileRef = A4F729BA1F6A77750083EE0B /* ZCHBSellerLoginHeaderView.xib */; };
		A4F729BE1F6A7C430083EE0B /* ZCHBBusinessmenLoginHeaderView.m in Sources */ = {isa = PBXBuildFile; fileRef = A4F729BD1F6A7C430083EE0B /* ZCHBBusinessmenLoginHeaderView.m */; };
		A4F7A3561F691BCF00A7ACD9 /* MUKitTestController.m in Sources */ = {isa = PBXBuildFile; fileRef = A4F7A3551F691BCF00A7ACD9 /* MUKitTestController.m */; };
		A4F7A35F1F6921E100A7ACD9 /* MUKitDemoView.m in Sources */ = {isa = PBXBuildFile; fileRef = A4F7A35E1F6921E100A7ACD9 /* MUKitDemoView.m */; };
/* End PBXBuildFile section */

/* Begin PBXContainerItemProxy section */
		6003F5B3195388D20070C39A /* PBXContainerItemProxy */ = {
			isa = PBXContainerItemProxy;
			containerPortal = 6003F582195388D10070C39A /* Project object */;
			proxyType = 1;
			remoteGlobalIDString = 6003F589195388D20070C39A;
			remoteInfo = MUKit;
		};
/* End PBXContainerItemProxy section */

/* Begin PBXFileReference section */
		1A8DC258F3D983B304FDFEB9 /* MUKit.podspec */ = {isa = PBXFileReference; includeInIndex = 1; lastKnownFileType = text; name = MUKit.podspec; path = ../MUKit.podspec; sourceTree = "<group>"; xcLanguageSpecificationIdentifier = xcode.lang.ruby; };
		2D4A92B6E228D7E4DD7B6410 /* LICENSE */ = {isa = PBXFileReference; includeInIndex = 1; lastKnownFileType = text; name = LICENSE; path = ../LICENSE; sourceTree = "<group>"; };
		6003F58A195388D20070C39A /* MUKit_Example.app */ = {isa = PBXFileReference; explicitFileType = wrapper.application; includeInIndex = 0; path = MUKit_Example.app; sourceTree = BUILT_PRODUCTS_DIR; };
		6003F58D195388D20070C39A /* Foundation.framework */ = {isa = PBXFileReference; lastKnownFileType = wrapper.framework; name = Foundation.framework; path = System/Library/Frameworks/Foundation.framework; sourceTree = SDKROOT; };
		6003F58F195388D20070C39A /* CoreGraphics.framework */ = {isa = PBXFileReference; lastKnownFileType = wrapper.framework; name = CoreGraphics.framework; path = System/Library/Frameworks/CoreGraphics.framework; sourceTree = SDKROOT; };
		6003F591195388D20070C39A /* UIKit.framework */ = {isa = PBXFileReference; lastKnownFileType = wrapper.framework; name = UIKit.framework; path = System/Library/Frameworks/UIKit.framework; sourceTree = SDKROOT; };
		6003F595195388D20070C39A /* MUKit-Info.plist */ = {isa = PBXFileReference; lastKnownFileType = text.plist.xml; path = "MUKit-Info.plist"; sourceTree = "<group>"; };
		6003F597195388D20070C39A /* en */ = {isa = PBXFileReference; lastKnownFileType = text.plist.strings; name = en; path = en.lproj/InfoPlist.strings; sourceTree = "<group>"; };
		6003F599195388D20070C39A /* main.m */ = {isa = PBXFileReference; lastKnownFileType = sourcecode.c.objc; path = main.m; sourceTree = "<group>"; };
		6003F59B195388D20070C39A /* MUKit-Prefix.pch */ = {isa = PBXFileReference; lastKnownFileType = sourcecode.c.h; path = "MUKit-Prefix.pch"; sourceTree = "<group>"; };
		6003F59C195388D20070C39A /* MUKitDemoAppDelegate.h */ = {isa = PBXFileReference; lastKnownFileType = sourcecode.c.h; path = MUKitDemoAppDelegate.h; sourceTree = "<group>"; };
		6003F59D195388D20070C39A /* MUKitDemoAppDelegate.m */ = {isa = PBXFileReference; lastKnownFileType = sourcecode.c.objc; path = MUKitDemoAppDelegate.m; sourceTree = "<group>"; };
		6003F5A5195388D20070C39A /* MUKitDemoViewController.h */ = {isa = PBXFileReference; lastKnownFileType = sourcecode.c.h; path = MUKitDemoViewController.h; sourceTree = "<group>"; };
		6003F5A6195388D20070C39A /* MUKitDemoViewController.m */ = {isa = PBXFileReference; lastKnownFileType = sourcecode.c.objc; path = MUKitDemoViewController.m; sourceTree = "<group>"; };
		6003F5A8195388D20070C39A /* Images.xcassets */ = {isa = PBXFileReference; lastKnownFileType = folder.assetcatalog; path = Images.xcassets; sourceTree = "<group>"; };
		6003F5AE195388D20070C39A /* MUKit_Tests.xctest */ = {isa = PBXFileReference; explicitFileType = wrapper.cfbundle; includeInIndex = 0; path = MUKit_Tests.xctest; sourceTree = BUILT_PRODUCTS_DIR; };
		6003F5AF195388D20070C39A /* XCTest.framework */ = {isa = PBXFileReference; lastKnownFileType = wrapper.framework; name = XCTest.framework; path = Library/Frameworks/XCTest.framework; sourceTree = DEVELOPER_DIR; };
		6003F5B7195388D20070C39A /* Tests-Info.plist */ = {isa = PBXFileReference; lastKnownFileType = text.plist.xml; path = "Tests-Info.plist"; sourceTree = "<group>"; };
		6003F5B9195388D20070C39A /* en */ = {isa = PBXFileReference; lastKnownFileType = text.plist.strings; name = en; path = en.lproj/InfoPlist.strings; sourceTree = "<group>"; };
		6003F5BB195388D20070C39A /* Tests.m */ = {isa = PBXFileReference; lastKnownFileType = sourcecode.c.objc; path = Tests.m; sourceTree = "<group>"; };
		606FC2411953D9B200FFA9A0 /* Tests-Prefix.pch */ = {isa = PBXFileReference; lastKnownFileType = sourcecode.c.h; path = "Tests-Prefix.pch"; sourceTree = "<group>"; };
		635E61A0A9703E7523B3A89D /* Pods-MUKit_Example.debug.xcconfig */ = {isa = PBXFileReference; includeInIndex = 1; lastKnownFileType = text.xcconfig; name = "Pods-MUKit_Example.debug.xcconfig"; path = "Pods/Target Support Files/Pods-MUKit_Example/Pods-MUKit_Example.debug.xcconfig"; sourceTree = "<group>"; };
		71719F9E1E33DC2100824A3D /* Base */ = {isa = PBXFileReference; lastKnownFileType = file.storyboard; name = Base; path = Base.lproj/LaunchScreen.storyboard; sourceTree = "<group>"; };
		873B8AEA1B1F5CCA007FD442 /* Main.storyboard */ = {isa = PBXFileReference; fileEncoding = 4; lastKnownFileType = file.storyboard; name = Main.storyboard; path = Base.lproj/Main.storyboard; sourceTree = "<group>"; };
		A40F55FD1F98439700DFB729 /* MUKitDemoQRCodeScanController.h */ = {isa = PBXFileReference; fileEncoding = 4; lastKnownFileType = sourcecode.c.h; path = MUKitDemoQRCodeScanController.h; sourceTree = "<group>"; };
		A40F55FE1F98439700DFB729 /* MUKitDemoQRCodeScanController.m */ = {isa = PBXFileReference; fileEncoding = 4; lastKnownFileType = sourcecode.c.objc; path = MUKitDemoQRCodeScanController.m; sourceTree = "<group>"; };
		A41742511F74A5FE005CCDD6 /* MUCameraAndPhotosManager.h */ = {isa = PBXFileReference; fileEncoding = 4; lastKnownFileType = sourcecode.c.h; path = MUCameraAndPhotosManager.h; sourceTree = "<group>"; };
		A41742521F74A5FE005CCDD6 /* MUCameraAndPhotosManager.m */ = {isa = PBXFileReference; fileEncoding = 4; lastKnownFileType = sourcecode.c.objc; path = MUCameraAndPhotosManager.m; sourceTree = "<group>"; };
		A41742531F74A5FE005CCDD6 /* MUCameraAndPhotosObject.h */ = {isa = PBXFileReference; fileEncoding = 4; lastKnownFileType = sourcecode.c.h; path = MUCameraAndPhotosObject.h; sourceTree = "<group>"; };
		A41742541F74A5FE005CCDD6 /* MUCameraAndPhotosObject.m */ = {isa = PBXFileReference; fileEncoding = 4; lastKnownFileType = sourcecode.c.objc; path = MUCameraAndPhotosObject.m; sourceTree = "<group>"; };
		A41E35251F7F34C900613641 /* MUKitDemoHeaderViewController.h */ = {isa = PBXFileReference; fileEncoding = 4; lastKnownFileType = sourcecode.c.h; path = MUKitDemoHeaderViewController.h; sourceTree = "<group>"; };
		A41E35261F7F34C900613641 /* MUKitDemoHeaderViewController.m */ = {isa = PBXFileReference; fileEncoding = 4; lastKnownFileType = sourcecode.c.objc; path = MUKitDemoHeaderViewController.m; sourceTree = "<group>"; };
		A41E352D1F7F3ABD00613641 /* MUKitDemoTestTableHeaderView.h */ = {isa = PBXFileReference; fileEncoding = 4; lastKnownFileType = sourcecode.c.h; path = MUKitDemoTestTableHeaderView.h; sourceTree = "<group>"; };
		A41E352E1F7F3ABD00613641 /* MUKitDemoTestTableHeaderView.m */ = {isa = PBXFileReference; fileEncoding = 4; lastKnownFileType = sourcecode.c.objc; path = MUKitDemoTestTableHeaderView.m; sourceTree = "<group>"; };
		A41E35301F7F3ACA00613641 /* MUKitDemoTestTableHeaderView.xib */ = {isa = PBXFileReference; fileEncoding = 4; lastKnownFileType = file.xib; path = MUKitDemoTestTableHeaderView.xib; sourceTree = "<group>"; };
		A423E8E11FA81DB40034F8C0 /* MUKitDemoCollectionViewSignalCell.h */ = {isa = PBXFileReference; lastKnownFileType = sourcecode.c.h; path = MUKitDemoCollectionViewSignalCell.h; sourceTree = "<group>"; };
		A423E8E21FA81DB40034F8C0 /* MUKitDemoCollectionViewSignalCell.m */ = {isa = PBXFileReference; lastKnownFileType = sourcecode.c.objc; path = MUKitDemoCollectionViewSignalCell.m; sourceTree = "<group>"; };
		A423E8E31FA81DB40034F8C0 /* MUKitDemoCollectionViewSignalCell.xib */ = {isa = PBXFileReference; lastKnownFileType = file.xib; path = MUKitDemoCollectionViewSignalCell.xib; sourceTree = "<group>"; };
		A43F373A1F99FA42003F720E /* beep.wav */ = {isa = PBXFileReference; lastKnownFileType = audio.wav; path = beep.wav; sourceTree = "<group>"; };
		A43F76471F53B4B40097E0F6 /* base64.h */ = {isa = PBXFileReference; fileEncoding = 4; lastKnownFileType = sourcecode.c.h; path = base64.h; sourceTree = "<group>"; };
		A43F76481F53B4B40097E0F6 /* base64.m */ = {isa = PBXFileReference; fileEncoding = 4; lastKnownFileType = sourcecode.c.objc; path = base64.m; sourceTree = "<group>"; };
		A43F76491F53B4B40097E0F6 /* config.h */ = {isa = PBXFileReference; fileEncoding = 4; lastKnownFileType = sourcecode.c.h; path = config.h; sourceTree = "<group>"; };
		A43F764A1F53B4B40097E0F6 /* NSDataEx.h */ = {isa = PBXFileReference; fileEncoding = 4; lastKnownFileType = sourcecode.c.h; path = NSDataEx.h; sourceTree = "<group>"; };
		A43F764B1F53B4B40097E0F6 /* NSDataEx.m */ = {isa = PBXFileReference; fileEncoding = 4; lastKnownFileType = sourcecode.c.objc; path = NSDataEx.m; sourceTree = "<group>"; };
		A43F764C1F53B4B40097E0F6 /* openssl_wrapper.h */ = {isa = PBXFileReference; fileEncoding = 4; lastKnownFileType = sourcecode.c.h; path = openssl_wrapper.h; sourceTree = "<group>"; };
		A43F764D1F53B4B40097E0F6 /* openssl_wrapper.m */ = {isa = PBXFileReference; fileEncoding = 4; lastKnownFileType = sourcecode.c.objc; path = openssl_wrapper.m; sourceTree = "<group>"; };
		A43F764E1F53B4B40097E0F6 /* RSADataSigner.h */ = {isa = PBXFileReference; fileEncoding = 4; lastKnownFileType = sourcecode.c.h; path = RSADataSigner.h; sourceTree = "<group>"; };
		A43F764F1F53B4B40097E0F6 /* RSADataSigner.m */ = {isa = PBXFileReference; fileEncoding = 4; lastKnownFileType = sourcecode.c.objc; path = RSADataSigner.m; sourceTree = "<group>"; };
		A43F76501F53B4B40097E0F6 /* RSADataVerifier.h */ = {isa = PBXFileReference; fileEncoding = 4; lastKnownFileType = sourcecode.c.h; path = RSADataVerifier.h; sourceTree = "<group>"; };
		A43F76511F53B4B40097E0F6 /* RSADataVerifier.m */ = {isa = PBXFileReference; fileEncoding = 4; lastKnownFileType = sourcecode.c.objc; path = RSADataVerifier.m; sourceTree = "<group>"; };
		A45336B31F6B643100D0E824 /* ZCHBBusinessmenLoginHeaderView.xib */ = {isa = PBXFileReference; fileEncoding = 4; lastKnownFileType = file.xib; path = ZCHBBusinessmenLoginHeaderView.xib; sourceTree = "<group>"; };
		A45336B61F6B70B000D0E824 /* BusinessModel.h */ = {isa = PBXFileReference; fileEncoding = 4; lastKnownFileType = sourcecode.c.h; path = BusinessModel.h; sourceTree = "<group>"; };
		A45336B71F6B70B000D0E824 /* BusinessModel.m */ = {isa = PBXFileReference; fileEncoding = 4; lastKnownFileType = sourcecode.c.objc; path = BusinessModel.m; sourceTree = "<group>"; };
		A45336BA1F6B72B600D0E824 /* BusinessParameterModel.h */ = {isa = PBXFileReference; fileEncoding = 4; lastKnownFileType = sourcecode.c.h; path = BusinessParameterModel.h; sourceTree = "<group>"; };
		A45336BB1F6B72B600D0E824 /* BusinessParameterModel.m */ = {isa = PBXFileReference; fileEncoding = 4; lastKnownFileType = sourcecode.c.objc; path = BusinessParameterModel.m; sourceTree = "<group>"; };
		A45336BD1F6B735C00D0E824 /* BusinessHTTPSessionManager.h */ = {isa = PBXFileReference; fileEncoding = 4; lastKnownFileType = sourcecode.c.h; path = BusinessHTTPSessionManager.h; sourceTree = "<group>"; };
		A45336BE1F6B735C00D0E824 /* BusinessHTTPSessionManager.m */ = {isa = PBXFileReference; fileEncoding = 4; lastKnownFileType = sourcecode.c.objc; path = BusinessHTTPSessionManager.m; sourceTree = "<group>"; };
		A45336C01F6B74BE00D0E824 /* 213983660940391.cer */ = {isa = PBXFileReference; lastKnownFileType = file; path = 213983660940391.cer; sourceTree = "<group>"; };
		A45336C21F6B7A5A00D0E824 /* BusinessUserDataModel.h */ = {isa = PBXFileReference; fileEncoding = 4; lastKnownFileType = sourcecode.c.h; path = BusinessUserDataModel.h; sourceTree = "<group>"; };
		A45336C31F6B7A5A00D0E824 /* BusinessUserDataModel.m */ = {isa = PBXFileReference; fileEncoding = 4; lastKnownFileType = sourcecode.c.objc; path = BusinessUserDataModel.m; sourceTree = "<group>"; };
		A45423321F4837790069DF8E /* MUKitDemoTableViewCell.h */ = {isa = PBXFileReference; fileEncoding = 4; lastKnownFileType = sourcecode.c.h; path = MUKitDemoTableViewCell.h; sourceTree = "<group>"; };
		A45423331F4837790069DF8E /* MUKitDemoTableViewCell.m */ = {isa = PBXFileReference; fileEncoding = 4; lastKnownFileType = sourcecode.c.objc; path = MUKitDemoTableViewCell.m; sourceTree = "<group>"; };
		A45423341F4837790069DF8E /* MUKitDemoTableViewCell.xib */ = {isa = PBXFileReference; fileEncoding = 4; lastKnownFileType = file.xib; path = MUKitDemoTableViewCell.xib; sourceTree = "<group>"; };
		A45423351F4837790069DF8E /* MUTableViewCell.h */ = {isa = PBXFileReference; fileEncoding = 4; lastKnownFileType = sourcecode.c.h; path = MUTableViewCell.h; sourceTree = "<group>"; };
		A45423361F4837790069DF8E /* MUTableViewCell.m */ = {isa = PBXFileReference; fileEncoding = 4; lastKnownFileType = sourcecode.c.objc; path = MUTableViewCell.m; sourceTree = "<group>"; };
		A45423371F4837790069DF8E /* MUTableViewCell.xib */ = {isa = PBXFileReference; fileEncoding = 4; lastKnownFileType = file.xib; path = MUTableViewCell.xib; sourceTree = "<group>"; };
		A454233C1F48396F0069DF8E /* MUKitDemoSignalCell.h */ = {isa = PBXFileReference; fileEncoding = 4; lastKnownFileType = sourcecode.c.h; path = MUKitDemoSignalCell.h; sourceTree = "<group>"; };
		A454233D1F48396F0069DF8E /* MUKitDemoSignalCell.m */ = {isa = PBXFileReference; fileEncoding = 4; lastKnownFileType = sourcecode.c.objc; path = MUKitDemoSignalCell.m; sourceTree = "<group>"; };
		A454233E1F48396F0069DF8E /* MUKitDemoSignalCell.xib */ = {isa = PBXFileReference; fileEncoding = 4; lastKnownFileType = file.xib; path = MUKitDemoSignalCell.xib; sourceTree = "<group>"; };
		A47820361F50018500390101 /* aes.h */ = {isa = PBXFileReference; fileEncoding = 4; lastKnownFileType = sourcecode.c.h; path = aes.h; sourceTree = "<group>"; };
		A47820371F50018500390101 /* asn1.h */ = {isa = PBXFileReference; fileEncoding = 4; lastKnownFileType = sourcecode.c.h; path = asn1.h; sourceTree = "<group>"; };
		A47820381F50018500390101 /* asn1_mac.h */ = {isa = PBXFileReference; fileEncoding = 4; lastKnownFileType = sourcecode.c.h; path = asn1_mac.h; sourceTree = "<group>"; };
		A47820391F50018500390101 /* asn1t.h */ = {isa = PBXFileReference; fileEncoding = 4; lastKnownFileType = sourcecode.c.h; path = asn1t.h; sourceTree = "<group>"; };
		A478203A1F50018500390101 /* bio.h */ = {isa = PBXFileReference; fileEncoding = 4; lastKnownFileType = sourcecode.c.h; path = bio.h; sourceTree = "<group>"; };
		A478203B1F50018500390101 /* blowfish.h */ = {isa = PBXFileReference; fileEncoding = 4; lastKnownFileType = sourcecode.c.h; path = blowfish.h; sourceTree = "<group>"; };
		A478203C1F50018500390101 /* bn.h */ = {isa = PBXFileReference; fileEncoding = 4; lastKnownFileType = sourcecode.c.h; path = bn.h; sourceTree = "<group>"; };
		A478203D1F50018500390101 /* buffer.h */ = {isa = PBXFileReference; fileEncoding = 4; lastKnownFileType = sourcecode.c.h; path = buffer.h; sourceTree = "<group>"; };
		A478203E1F50018500390101 /* camellia.h */ = {isa = PBXFileReference; fileEncoding = 4; lastKnownFileType = sourcecode.c.h; path = camellia.h; sourceTree = "<group>"; };
		A478203F1F50018500390101 /* cast.h */ = {isa = PBXFileReference; fileEncoding = 4; lastKnownFileType = sourcecode.c.h; path = cast.h; sourceTree = "<group>"; };
		A47820401F50018500390101 /* cmac.h */ = {isa = PBXFileReference; fileEncoding = 4; lastKnownFileType = sourcecode.c.h; path = cmac.h; sourceTree = "<group>"; };
		A47820411F50018500390101 /* cms.h */ = {isa = PBXFileReference; fileEncoding = 4; lastKnownFileType = sourcecode.c.h; path = cms.h; sourceTree = "<group>"; };
		A47820421F50018500390101 /* comp.h */ = {isa = PBXFileReference; fileEncoding = 4; lastKnownFileType = sourcecode.c.h; path = comp.h; sourceTree = "<group>"; };
		A47820431F50018500390101 /* conf.h */ = {isa = PBXFileReference; fileEncoding = 4; lastKnownFileType = sourcecode.c.h; path = conf.h; sourceTree = "<group>"; };
		A47820441F50018500390101 /* conf_api.h */ = {isa = PBXFileReference; fileEncoding = 4; lastKnownFileType = sourcecode.c.h; path = conf_api.h; sourceTree = "<group>"; };
		A47820451F50018500390101 /* crypto.h */ = {isa = PBXFileReference; fileEncoding = 4; lastKnownFileType = sourcecode.c.h; path = crypto.h; sourceTree = "<group>"; };
		A47820461F50018500390101 /* des.h */ = {isa = PBXFileReference; fileEncoding = 4; lastKnownFileType = sourcecode.c.h; path = des.h; sourceTree = "<group>"; };
		A47820471F50018500390101 /* des_old.h */ = {isa = PBXFileReference; fileEncoding = 4; lastKnownFileType = sourcecode.c.h; path = des_old.h; sourceTree = "<group>"; };
		A47820481F50018500390101 /* dh.h */ = {isa = PBXFileReference; fileEncoding = 4; lastKnownFileType = sourcecode.c.h; path = dh.h; sourceTree = "<group>"; };
		A47820491F50018500390101 /* dsa.h */ = {isa = PBXFileReference; fileEncoding = 4; lastKnownFileType = sourcecode.c.h; path = dsa.h; sourceTree = "<group>"; };
		A478204A1F50018500390101 /* dso.h */ = {isa = PBXFileReference; fileEncoding = 4; lastKnownFileType = sourcecode.c.h; path = dso.h; sourceTree = "<group>"; };
		A478204B1F50018500390101 /* dtls1.h */ = {isa = PBXFileReference; fileEncoding = 4; lastKnownFileType = sourcecode.c.h; path = dtls1.h; sourceTree = "<group>"; };
		A478204C1F50018500390101 /* e_os2.h */ = {isa = PBXFileReference; fileEncoding = 4; lastKnownFileType = sourcecode.c.h; path = e_os2.h; sourceTree = "<group>"; };
		A478204D1F50018500390101 /* ebcdic.h */ = {isa = PBXFileReference; fileEncoding = 4; lastKnownFileType = sourcecode.c.h; path = ebcdic.h; sourceTree = "<group>"; };
		A478204E1F50018500390101 /* ec.h */ = {isa = PBXFileReference; fileEncoding = 4; lastKnownFileType = sourcecode.c.h; path = ec.h; sourceTree = "<group>"; };
		A478204F1F50018500390101 /* ecdh.h */ = {isa = PBXFileReference; fileEncoding = 4; lastKnownFileType = sourcecode.c.h; path = ecdh.h; sourceTree = "<group>"; };
		A47820501F50018500390101 /* ecdsa.h */ = {isa = PBXFileReference; fileEncoding = 4; lastKnownFileType = sourcecode.c.h; path = ecdsa.h; sourceTree = "<group>"; };
		A47820511F50018500390101 /* engine.h */ = {isa = PBXFileReference; fileEncoding = 4; lastKnownFileType = sourcecode.c.h; path = engine.h; sourceTree = "<group>"; };
		A47820521F50018500390101 /* err.h */ = {isa = PBXFileReference; fileEncoding = 4; lastKnownFileType = sourcecode.c.h; path = err.h; sourceTree = "<group>"; };
		A47820531F50018500390101 /* evp.h */ = {isa = PBXFileReference; fileEncoding = 4; lastKnownFileType = sourcecode.c.h; path = evp.h; sourceTree = "<group>"; };
		A47820541F50018500390101 /* hmac.h */ = {isa = PBXFileReference; fileEncoding = 4; lastKnownFileType = sourcecode.c.h; path = hmac.h; sourceTree = "<group>"; };
		A47820551F50018500390101 /* idea.h */ = {isa = PBXFileReference; fileEncoding = 4; lastKnownFileType = sourcecode.c.h; path = idea.h; sourceTree = "<group>"; };
		A47820561F50018500390101 /* krb5_asn.h */ = {isa = PBXFileReference; fileEncoding = 4; lastKnownFileType = sourcecode.c.h; path = krb5_asn.h; sourceTree = "<group>"; };
		A47820571F50018500390101 /* kssl.h */ = {isa = PBXFileReference; fileEncoding = 4; lastKnownFileType = sourcecode.c.h; path = kssl.h; sourceTree = "<group>"; };
		A47820581F50018500390101 /* lhash.h */ = {isa = PBXFileReference; fileEncoding = 4; lastKnownFileType = sourcecode.c.h; path = lhash.h; sourceTree = "<group>"; };
		A47820591F50018500390101 /* md4.h */ = {isa = PBXFileReference; fileEncoding = 4; lastKnownFileType = sourcecode.c.h; path = md4.h; sourceTree = "<group>"; };
		A478205A1F50018500390101 /* md5.h */ = {isa = PBXFileReference; fileEncoding = 4; lastKnownFileType = sourcecode.c.h; path = md5.h; sourceTree = "<group>"; };
		A478205B1F50018500390101 /* mdc2.h */ = {isa = PBXFileReference; fileEncoding = 4; lastKnownFileType = sourcecode.c.h; path = mdc2.h; sourceTree = "<group>"; };
		A478205C1F50018500390101 /* modes.h */ = {isa = PBXFileReference; fileEncoding = 4; lastKnownFileType = sourcecode.c.h; path = modes.h; sourceTree = "<group>"; };
		A478205D1F50018500390101 /* obj_mac.h */ = {isa = PBXFileReference; fileEncoding = 4; lastKnownFileType = sourcecode.c.h; path = obj_mac.h; sourceTree = "<group>"; };
		A478205E1F50018500390101 /* objects.h */ = {isa = PBXFileReference; fileEncoding = 4; lastKnownFileType = sourcecode.c.h; path = objects.h; sourceTree = "<group>"; };
		A478205F1F50018500390101 /* ocsp.h */ = {isa = PBXFileReference; fileEncoding = 4; lastKnownFileType = sourcecode.c.h; path = ocsp.h; sourceTree = "<group>"; };
		A47820601F50018500390101 /* opensslconf.h */ = {isa = PBXFileReference; fileEncoding = 4; lastKnownFileType = sourcecode.c.h; path = opensslconf.h; sourceTree = "<group>"; };
		A47820611F50018500390101 /* opensslv.h */ = {isa = PBXFileReference; fileEncoding = 4; lastKnownFileType = sourcecode.c.h; path = opensslv.h; sourceTree = "<group>"; };
		A47820621F50018500390101 /* ossl_typ.h */ = {isa = PBXFileReference; fileEncoding = 4; lastKnownFileType = sourcecode.c.h; path = ossl_typ.h; sourceTree = "<group>"; };
		A47820631F50018500390101 /* pem.h */ = {isa = PBXFileReference; fileEncoding = 4; lastKnownFileType = sourcecode.c.h; path = pem.h; sourceTree = "<group>"; };
		A47820641F50018500390101 /* pem2.h */ = {isa = PBXFileReference; fileEncoding = 4; lastKnownFileType = sourcecode.c.h; path = pem2.h; sourceTree = "<group>"; };
		A47820651F50018500390101 /* pkcs12.h */ = {isa = PBXFileReference; fileEncoding = 4; lastKnownFileType = sourcecode.c.h; path = pkcs12.h; sourceTree = "<group>"; };
		A47820661F50018500390101 /* pkcs7.h */ = {isa = PBXFileReference; fileEncoding = 4; lastKnownFileType = sourcecode.c.h; path = pkcs7.h; sourceTree = "<group>"; };
		A47820671F50018500390101 /* pqueue.h */ = {isa = PBXFileReference; fileEncoding = 4; lastKnownFileType = sourcecode.c.h; path = pqueue.h; sourceTree = "<group>"; };
		A47820681F50018500390101 /* rand.h */ = {isa = PBXFileReference; fileEncoding = 4; lastKnownFileType = sourcecode.c.h; path = rand.h; sourceTree = "<group>"; };
		A47820691F50018600390101 /* rc2.h */ = {isa = PBXFileReference; fileEncoding = 4; lastKnownFileType = sourcecode.c.h; path = rc2.h; sourceTree = "<group>"; };
		A478206A1F50018600390101 /* rc4.h */ = {isa = PBXFileReference; fileEncoding = 4; lastKnownFileType = sourcecode.c.h; path = rc4.h; sourceTree = "<group>"; };
		A478206B1F50018600390101 /* ripemd.h */ = {isa = PBXFileReference; fileEncoding = 4; lastKnownFileType = sourcecode.c.h; path = ripemd.h; sourceTree = "<group>"; };
		A478206C1F50018600390101 /* rsa.h */ = {isa = PBXFileReference; fileEncoding = 4; lastKnownFileType = sourcecode.c.h; path = rsa.h; sourceTree = "<group>"; };
		A478206D1F50018600390101 /* safestack.h */ = {isa = PBXFileReference; fileEncoding = 4; lastKnownFileType = sourcecode.c.h; path = safestack.h; sourceTree = "<group>"; };
		A478206E1F50018600390101 /* seed.h */ = {isa = PBXFileReference; fileEncoding = 4; lastKnownFileType = sourcecode.c.h; path = seed.h; sourceTree = "<group>"; };
		A478206F1F50018600390101 /* sha.h */ = {isa = PBXFileReference; fileEncoding = 4; lastKnownFileType = sourcecode.c.h; path = sha.h; sourceTree = "<group>"; };
		A47820701F50018600390101 /* srp.h */ = {isa = PBXFileReference; fileEncoding = 4; lastKnownFileType = sourcecode.c.h; path = srp.h; sourceTree = "<group>"; };
		A47820711F50018600390101 /* srtp.h */ = {isa = PBXFileReference; fileEncoding = 4; lastKnownFileType = sourcecode.c.h; path = srtp.h; sourceTree = "<group>"; };
		A47820721F50018600390101 /* ssl.h */ = {isa = PBXFileReference; fileEncoding = 4; lastKnownFileType = sourcecode.c.h; path = ssl.h; sourceTree = "<group>"; };
		A47820731F50018600390101 /* ssl2.h */ = {isa = PBXFileReference; fileEncoding = 4; lastKnownFileType = sourcecode.c.h; path = ssl2.h; sourceTree = "<group>"; };
		A47820741F50018600390101 /* ssl23.h */ = {isa = PBXFileReference; fileEncoding = 4; lastKnownFileType = sourcecode.c.h; path = ssl23.h; sourceTree = "<group>"; };
		A47820751F50018600390101 /* ssl3.h */ = {isa = PBXFileReference; fileEncoding = 4; lastKnownFileType = sourcecode.c.h; path = ssl3.h; sourceTree = "<group>"; };
		A47820761F50018600390101 /* stack.h */ = {isa = PBXFileReference; fileEncoding = 4; lastKnownFileType = sourcecode.c.h; path = stack.h; sourceTree = "<group>"; };
		A47820771F50018600390101 /* symhacks.h */ = {isa = PBXFileReference; fileEncoding = 4; lastKnownFileType = sourcecode.c.h; path = symhacks.h; sourceTree = "<group>"; };
		A47820781F50018600390101 /* tls1.h */ = {isa = PBXFileReference; fileEncoding = 4; lastKnownFileType = sourcecode.c.h; path = tls1.h; sourceTree = "<group>"; };
		A47820791F50018600390101 /* ts.h */ = {isa = PBXFileReference; fileEncoding = 4; lastKnownFileType = sourcecode.c.h; path = ts.h; sourceTree = "<group>"; };
		A478207A1F50018600390101 /* txt_db.h */ = {isa = PBXFileReference; fileEncoding = 4; lastKnownFileType = sourcecode.c.h; path = txt_db.h; sourceTree = "<group>"; };
		A478207B1F50018600390101 /* ui.h */ = {isa = PBXFileReference; fileEncoding = 4; lastKnownFileType = sourcecode.c.h; path = ui.h; sourceTree = "<group>"; };
		A478207C1F50018600390101 /* ui_compat.h */ = {isa = PBXFileReference; fileEncoding = 4; lastKnownFileType = sourcecode.c.h; path = ui_compat.h; sourceTree = "<group>"; };
		A478207D1F50018600390101 /* whrlpool.h */ = {isa = PBXFileReference; fileEncoding = 4; lastKnownFileType = sourcecode.c.h; path = whrlpool.h; sourceTree = "<group>"; };
		A478207E1F50018600390101 /* x509.h */ = {isa = PBXFileReference; fileEncoding = 4; lastKnownFileType = sourcecode.c.h; path = x509.h; sourceTree = "<group>"; };
		A478207F1F50018600390101 /* x509_vfy.h */ = {isa = PBXFileReference; fileEncoding = 4; lastKnownFileType = sourcecode.c.h; path = x509_vfy.h; sourceTree = "<group>"; };
		A47820801F50018600390101 /* x509v3.h */ = {isa = PBXFileReference; fileEncoding = 4; lastKnownFileType = sourcecode.c.h; path = x509v3.h; sourceTree = "<group>"; };
		A478209B1F5006E800390101 /* libcrypto.a */ = {isa = PBXFileReference; lastKnownFileType = archive.ar; path = libcrypto.a; sourceTree = "<group>"; };
		A478209C1F5006E800390101 /* libssl.a */ = {isa = PBXFileReference; lastKnownFileType = archive.ar; path = libssl.a; sourceTree = "<group>"; };
		A47820A21F5010C400390101 /* Order.h */ = {isa = PBXFileReference; fileEncoding = 4; lastKnownFileType = sourcecode.c.h; path = Order.h; sourceTree = "<group>"; };
		A47820A31F5010C400390101 /* Order.m */ = {isa = PBXFileReference; fileEncoding = 4; lastKnownFileType = sourcecode.c.objc; path = Order.m; sourceTree = "<group>"; };
		A47820A61F50126300390101 /* MUKitDemoLoadingModel.h */ = {isa = PBXFileReference; fileEncoding = 4; lastKnownFileType = sourcecode.c.h; path = MUKitDemoLoadingModel.h; sourceTree = "<group>"; };
		A47820A71F50126300390101 /* MUKitDemoLoadingModel.m */ = {isa = PBXFileReference; fileEncoding = 4; lastKnownFileType = sourcecode.c.objc; path = MUKitDemoLoadingModel.m; sourceTree = "<group>"; };
		A47820A91F50126B00390101 /* MUKitDemoPaymentTableViewController.h */ = {isa = PBXFileReference; fileEncoding = 4; lastKnownFileType = sourcecode.c.h; path = MUKitDemoPaymentTableViewController.h; sourceTree = "<group>"; };
		A47820AA1F50126B00390101 /* MUKitDemoPaymentTableViewController.m */ = {isa = PBXFileReference; fileEncoding = 4; lastKnownFileType = sourcecode.c.objc; path = MUKitDemoPaymentTableViewController.m; sourceTree = "<group>"; };
		A48DC04E1F4BD13D006C995E /* MUKitDemoCollectionViewCell.h */ = {isa = PBXFileReference; fileEncoding = 4; lastKnownFileType = sourcecode.c.h; path = MUKitDemoCollectionViewCell.h; sourceTree = "<group>"; };
		A48DC04F1F4BD13D006C995E /* MUKitDemoCollectionViewCell.m */ = {isa = PBXFileReference; fileEncoding = 4; lastKnownFileType = sourcecode.c.objc; path = MUKitDemoCollectionViewCell.m; sourceTree = "<group>"; };
		A48DC0501F4BD13D006C995E /* MUKitDemoCollectionViewCell.xib */ = {isa = PBXFileReference; fileEncoding = 4; lastKnownFileType = file.xib; path = MUKitDemoCollectionViewCell.xib; sourceTree = "<group>"; };
		A48DC0531F4BD856006C995E /* MUKitDemoMVVMColloectionController.h */ = {isa = PBXFileReference; fileEncoding = 4; lastKnownFileType = sourcecode.c.h; path = MUKitDemoMVVMColloectionController.h; sourceTree = "<group>"; };
		A48DC0541F4BD856006C995E /* MUKitDemoMVVMColloectionController.m */ = {isa = PBXFileReference; fileEncoding = 4; lastKnownFileType = sourcecode.c.objc; path = MUKitDemoMVVMColloectionController.m; sourceTree = "<group>"; };
		A48DC0561F4C0DC2006C995E /* MUKitDemoMVVMCollectionViewCell.h */ = {isa = PBXFileReference; fileEncoding = 4; lastKnownFileType = sourcecode.c.h; path = MUKitDemoMVVMCollectionViewCell.h; sourceTree = "<group>"; };
		A48DC0571F4C0DC2006C995E /* MUKitDemoMVVMCollectionViewCell.m */ = {isa = PBXFileReference; fileEncoding = 4; lastKnownFileType = sourcecode.c.objc; path = MUKitDemoMVVMCollectionViewCell.m; sourceTree = "<group>"; };
		A48DC0581F4C0DC2006C995E /* MUKitDemoMVVMCollectionViewCell.xib */ = {isa = PBXFileReference; fileEncoding = 4; lastKnownFileType = file.xib; path = MUKitDemoMVVMCollectionViewCell.xib; sourceTree = "<group>"; };
		A4B6796B1F4831520074AAC0 /* MUKitDemoDynamicRowHeightController.h */ = {isa = PBXFileReference; fileEncoding = 4; lastKnownFileType = sourcecode.c.h; path = MUKitDemoDynamicRowHeightController.h; sourceTree = "<group>"; };
		A4B6796C1F4831520074AAC0 /* MUKitDemoDynamicRowHeightController.m */ = {isa = PBXFileReference; fileEncoding = 4; lastKnownFileType = sourcecode.c.objc; path = MUKitDemoDynamicRowHeightController.m; sourceTree = "<group>"; };
		A4B6F9021F457659008D9168 /* MUKitDemoTableViewController.h */ = {isa = PBXFileReference; fileEncoding = 4; lastKnownFileType = sourcecode.c.h; path = MUKitDemoTableViewController.h; sourceTree = "<group>"; };
		A4B6F9031F457659008D9168 /* MUKitDemoTableViewController.m */ = {isa = PBXFileReference; fileEncoding = 4; lastKnownFileType = sourcecode.c.objc; path = MUKitDemoTableViewController.m; sourceTree = "<group>"; };
		A4B6F9071F457C96008D9168 /* MUKitDemoMVVMTableViewController.h */ = {isa = PBXFileReference; fileEncoding = 4; lastKnownFileType = sourcecode.c.h; path = MUKitDemoMVVMTableViewController.h; sourceTree = "<group>"; };
		A4B6F9081F457C96008D9168 /* MUKitDemoMVVMTableViewController.m */ = {isa = PBXFileReference; fileEncoding = 4; lastKnownFileType = sourcecode.c.objc; path = MUKitDemoMVVMTableViewController.m; sourceTree = "<group>"; };
		A4B6F90A1F457DC1008D9168 /* MUTableViewController.h */ = {isa = PBXFileReference; fileEncoding = 4; lastKnownFileType = sourcecode.c.h; path = MUTableViewController.h; sourceTree = "<group>"; };
		A4B6F90B1F457DC1008D9168 /* MUTableViewController.m */ = {isa = PBXFileReference; fileEncoding = 4; lastKnownFileType = sourcecode.c.objc; path = MUTableViewController.m; sourceTree = "<group>"; };
		A4B6F90D1F457FFF008D9168 /* MUTempModel.h */ = {isa = PBXFileReference; fileEncoding = 4; lastKnownFileType = sourcecode.c.h; path = MUTempModel.h; sourceTree = "<group>"; };
		A4B6F90E1F457FFF008D9168 /* MUTempModel.m */ = {isa = PBXFileReference; fileEncoding = 4; lastKnownFileType = sourcecode.c.objc; path = MUTempModel.m; sourceTree = "<group>"; };
		A4B6F9131F458051008D9168 /* MUTableViewSectionModel.h */ = {isa = PBXFileReference; fileEncoding = 4; lastKnownFileType = sourcecode.c.h; path = MUTableViewSectionModel.h; sourceTree = "<group>"; };
		A4B6F9141F458051008D9168 /* MUTableViewSectionModel.m */ = {isa = PBXFileReference; fileEncoding = 4; lastKnownFileType = sourcecode.c.objc; path = MUTableViewSectionModel.m; sourceTree = "<group>"; };
		A4B6F9161F4587D8008D9168 /* MUViewController.h */ = {isa = PBXFileReference; fileEncoding = 4; lastKnownFileType = sourcecode.c.h; path = MUViewController.h; sourceTree = "<group>"; };
		A4B6F9171F4587D8008D9168 /* MUViewController.m */ = {isa = PBXFileReference; fileEncoding = 4; lastKnownFileType = sourcecode.c.objc; path = MUViewController.m; sourceTree = "<group>"; };
		A4B6F9181F4587D8008D9168 /* MUViewController.xib */ = {isa = PBXFileReference; fileEncoding = 4; lastKnownFileType = file.xib; path = MUViewController.xib; sourceTree = "<group>"; };
		A4B6F9191F4587D8008D9168 /* MUView.h */ = {isa = PBXFileReference; fileEncoding = 4; lastKnownFileType = sourcecode.c.h; path = MUView.h; sourceTree = "<group>"; };
		A4B6F91A1F4587D8008D9168 /* MUView.m */ = {isa = PBXFileReference; fileEncoding = 4; lastKnownFileType = sourcecode.c.objc; path = MUView.m; sourceTree = "<group>"; };
		A4B6F91B1F4587D8008D9168 /* MUView.xib */ = {isa = PBXFileReference; fileEncoding = 4; lastKnownFileType = file.xib; path = MUView.xib; sourceTree = "<group>"; };
		A4B6F92A1F4588DC008D9168 /* MUKitSignalTableViewController.h */ = {isa = PBXFileReference; fileEncoding = 4; lastKnownFileType = sourcecode.c.h; path = MUKitSignalTableViewController.h; sourceTree = "<group>"; };
		A4B6F92B1F4588DC008D9168 /* MUKitSignalTableViewController.m */ = {isa = PBXFileReference; fileEncoding = 4; lastKnownFileType = sourcecode.c.objc; path = MUKitSignalTableViewController.m; sourceTree = "<group>"; };
		A4F729901F6A0BB40083EE0B /* MUPasswordView.h */ = {isa = PBXFileReference; fileEncoding = 4; lastKnownFileType = sourcecode.c.h; path = MUPasswordView.h; sourceTree = "<group>"; };
		A4F729911F6A0BB40083EE0B /* MUPasswordView.m */ = {isa = PBXFileReference; fileEncoding = 4; lastKnownFileType = sourcecode.c.objc; path = MUPasswordView.m; sourceTree = "<group>"; };
		A4F7299C1F6A265E0083EE0B /* MUTranslucentController.h */ = {isa = PBXFileReference; fileEncoding = 4; lastKnownFileType = sourcecode.c.h; path = MUTranslucentController.h; sourceTree = "<group>"; };
		A4F7299D1F6A265E0083EE0B /* MUTranslucentController.m */ = {isa = PBXFileReference; fileEncoding = 4; lastKnownFileType = sourcecode.c.objc; path = MUTranslucentController.m; sourceTree = "<group>"; };
		A4F7299E1F6A265E0083EE0B /* MUTranslucentRootController.h */ = {isa = PBXFileReference; fileEncoding = 4; lastKnownFileType = sourcecode.c.h; path = MUTranslucentRootController.h; sourceTree = "<group>"; };
		A4F7299F1F6A265E0083EE0B /* MUTranslucentRootController.m */ = {isa = PBXFileReference; fileEncoding = 4; lastKnownFileType = sourcecode.c.objc; path = MUTranslucentRootController.m; sourceTree = "<group>"; };
		A4F729A21F6A267B0083EE0B /* MUPaymentStyleManager.h */ = {isa = PBXFileReference; fileEncoding = 4; lastKnownFileType = sourcecode.c.h; path = MUPaymentStyleManager.h; sourceTree = "<group>"; };
		A4F729A31F6A267B0083EE0B /* MUPaymentStyleManager.m */ = {isa = PBXFileReference; fileEncoding = 4; lastKnownFileType = sourcecode.c.objc; path = MUPaymentStyleManager.m; sourceTree = "<group>"; };
		A4F729A51F6A2B350083EE0B /* MUPaymentSuccessHUD.h */ = {isa = PBXFileReference; fileEncoding = 4; lastKnownFileType = sourcecode.c.h; path = MUPaymentSuccessHUD.h; sourceTree = "<group>"; };
		A4F729A61F6A2B350083EE0B /* MUPaymentSuccessHUD.m */ = {isa = PBXFileReference; fileEncoding = 4; lastKnownFileType = sourcecode.c.objc; path = MUPaymentSuccessHUD.m; sourceTree = "<group>"; };
		A4F729A81F6A2E280083EE0B /* MUPaymentLoadingHUD.h */ = {isa = PBXFileReference; fileEncoding = 4; lastKnownFileType = sourcecode.c.h; path = MUPaymentLoadingHUD.h; sourceTree = "<group>"; };
		A4F729A91F6A2E280083EE0B /* MUPaymentLoadingHUD.m */ = {isa = PBXFileReference; fileEncoding = 4; lastKnownFileType = sourcecode.c.objc; path = MUPaymentLoadingHUD.m; sourceTree = "<group>"; };
		A4F729AC1F6A58D10083EE0B /* MUSinglePaymentView.h */ = {isa = PBXFileReference; fileEncoding = 4; lastKnownFileType = sourcecode.c.h; path = MUSinglePaymentView.h; sourceTree = "<group>"; };
		A4F729AD1F6A58D10083EE0B /* MUSinglePaymentView.m */ = {isa = PBXFileReference; fileEncoding = 4; lastKnownFileType = sourcecode.c.objc; path = MUSinglePaymentView.m; sourceTree = "<group>"; };
		A4F729B01F6A610D0083EE0B /* MUSwitchView.h */ = {isa = PBXFileReference; fileEncoding = 4; lastKnownFileType = sourcecode.c.h; path = MUSwitchView.h; sourceTree = "<group>"; };
		A4F729B11F6A610D0083EE0B /* MUSwitchView.m */ = {isa = PBXFileReference; fileEncoding = 4; lastKnownFileType = sourcecode.c.objc; path = MUSwitchView.m; sourceTree = "<group>"; };
		A4F729B41F6A76030083EE0B /* ZCHBSellerLoginController.h */ = {isa = PBXFileReference; fileEncoding = 4; lastKnownFileType = sourcecode.c.h; path = ZCHBSellerLoginController.h; sourceTree = "<group>"; };
		A4F729B51F6A76030083EE0B /* ZCHBSellerLoginController.m */ = {isa = PBXFileReference; fileEncoding = 4; lastKnownFileType = sourcecode.c.objc; path = ZCHBSellerLoginController.m; sourceTree = "<group>"; };
		A4F729B71F6A776B0083EE0B /* ZCHBSellerLoginHeaderView.h */ = {isa = PBXFileReference; fileEncoding = 4; lastKnownFileType = sourcecode.c.h; path = ZCHBSellerLoginHeaderView.h; sourceTree = "<group>"; };
		A4F729B81F6A776B0083EE0B /* ZCHBSellerLoginHeaderView.m */ = {isa = PBXFileReference; fileEncoding = 4; lastKnownFileType = sourcecode.c.objc; path = ZCHBSellerLoginHeaderView.m; sourceTree = "<group>"; };
		A4F729BA1F6A77750083EE0B /* ZCHBSellerLoginHeaderView.xib */ = {isa = PBXFileReference; fileEncoding = 4; lastKnownFileType = file.xib; path = ZCHBSellerLoginHeaderView.xib; sourceTree = "<group>"; };
		A4F729BC1F6A7C430083EE0B /* ZCHBBusinessmenLoginHeaderView.h */ = {isa = PBXFileReference; fileEncoding = 4; lastKnownFileType = sourcecode.c.h; path = ZCHBBusinessmenLoginHeaderView.h; sourceTree = "<group>"; };
		A4F729BD1F6A7C430083EE0B /* ZCHBBusinessmenLoginHeaderView.m */ = {isa = PBXFileReference; fileEncoding = 4; lastKnownFileType = sourcecode.c.objc; path = ZCHBBusinessmenLoginHeaderView.m; sourceTree = "<group>"; };
		A4F7A3541F691BCF00A7ACD9 /* MUKitTestController.h */ = {isa = PBXFileReference; fileEncoding = 4; lastKnownFileType = sourcecode.c.h; path = MUKitTestController.h; sourceTree = "<group>"; };
		A4F7A3551F691BCF00A7ACD9 /* MUKitTestController.m */ = {isa = PBXFileReference; fileEncoding = 4; lastKnownFileType = sourcecode.c.objc; path = MUKitTestController.m; sourceTree = "<group>"; };
		A4F7A35D1F6921E100A7ACD9 /* MUKitDemoView.h */ = {isa = PBXFileReference; fileEncoding = 4; lastKnownFileType = sourcecode.c.h; path = MUKitDemoView.h; sourceTree = "<group>"; };
		A4F7A35E1F6921E100A7ACD9 /* MUKitDemoView.m */ = {isa = PBXFileReference; fileEncoding = 4; lastKnownFileType = sourcecode.c.objc; path = MUKitDemoView.m; sourceTree = "<group>"; };
		CB838454E8D2F8235865F7BC /* Pods-MUKit_Example.release.xcconfig */ = {isa = PBXFileReference; includeInIndex = 1; lastKnownFileType = text.xcconfig; name = "Pods-MUKit_Example.release.xcconfig"; path = "Pods/Target Support Files/Pods-MUKit_Example/Pods-MUKit_Example.release.xcconfig"; sourceTree = "<group>"; };
		DE70C41D6EAC5364B7E74B33 /* Pods_MUKit_Tests.framework */ = {isa = PBXFileReference; explicitFileType = wrapper.framework; includeInIndex = 0; path = Pods_MUKit_Tests.framework; sourceTree = BUILT_PRODUCTS_DIR; };
		E180C62CD15CD23E4952D3A9 /* libPods-MUKit_Example.a */ = {isa = PBXFileReference; explicitFileType = archive.ar; includeInIndex = 0; path = "libPods-MUKit_Example.a"; sourceTree = BUILT_PRODUCTS_DIR; };
		F106658C02C52E5178DE1A65 /* README.md */ = {isa = PBXFileReference; includeInIndex = 1; lastKnownFileType = net.daringfireball.markdown; name = README.md; path = ../README.md; sourceTree = "<group>"; };
/* End PBXFileReference section */

/* Begin PBXFrameworksBuildPhase section */
		6003F587195388D20070C39A /* Frameworks */ = {
			isa = PBXFrameworksBuildPhase;
			buildActionMask = 2147483647;
			files = (
				6003F590195388D20070C39A /* CoreGraphics.framework in Frameworks */,
				A478209D1F5006E800390101 /* libcrypto.a in Frameworks */,
				A478209E1F5006E800390101 /* libssl.a in Frameworks */,
				6003F592195388D20070C39A /* UIKit.framework in Frameworks */,
				6003F58E195388D20070C39A /* Foundation.framework in Frameworks */,
				30AA365FBC45F8EA1F2C0BE0 /* libPods-MUKit_Example.a in Frameworks */,
			);
			runOnlyForDeploymentPostprocessing = 0;
		};
		6003F5AB195388D20070C39A /* Frameworks */ = {
			isa = PBXFrameworksBuildPhase;
			buildActionMask = 2147483647;
			files = (
				6003F5B0195388D20070C39A /* XCTest.framework in Frameworks */,
				6003F5B2195388D20070C39A /* UIKit.framework in Frameworks */,
				6003F5B1195388D20070C39A /* Foundation.framework in Frameworks */,
			);
			runOnlyForDeploymentPostprocessing = 0;
		};
/* End PBXFrameworksBuildPhase section */

/* Begin PBXGroup section */
		551C3AB79048F622EFE409BE /* Pods */ = {
			isa = PBXGroup;
			children = (
				635E61A0A9703E7523B3A89D /* Pods-MUKit_Example.debug.xcconfig */,
				CB838454E8D2F8235865F7BC /* Pods-MUKit_Example.release.xcconfig */,
			);
			name = Pods;
			sourceTree = "<group>";
		};
		6003F581195388D10070C39A = {
			isa = PBXGroup;
			children = (
				60FF7A9C1954A5C5007DD14C /* Podspec Metadata */,
				6003F593195388D20070C39A /* Example for MUKit */,
				6003F5B5195388D20070C39A /* Tests */,
				6003F58C195388D20070C39A /* Frameworks */,
				6003F58B195388D20070C39A /* Products */,
				551C3AB79048F622EFE409BE /* Pods */,
			);
			sourceTree = "<group>";
		};
		6003F58B195388D20070C39A /* Products */ = {
			isa = PBXGroup;
			children = (
				6003F58A195388D20070C39A /* MUKit_Example.app */,
				6003F5AE195388D20070C39A /* MUKit_Tests.xctest */,
			);
			name = Products;
			sourceTree = "<group>";
		};
		6003F58C195388D20070C39A /* Frameworks */ = {
			isa = PBXGroup;
			children = (
				6003F58D195388D20070C39A /* Foundation.framework */,
				6003F58F195388D20070C39A /* CoreGraphics.framework */,
				6003F591195388D20070C39A /* UIKit.framework */,
				6003F5AF195388D20070C39A /* XCTest.framework */,
				DE70C41D6EAC5364B7E74B33 /* Pods_MUKit_Tests.framework */,
				E180C62CD15CD23E4952D3A9 /* libPods-MUKit_Example.a */,
			);
			name = Frameworks;
			sourceTree = "<group>";
		};
		6003F593195388D20070C39A /* Example for MUKit */ = {
			isa = PBXGroup;
			children = (
				A4D150731FAAF3D600CE2F7C /* 图片多选 */,
				A41742501F74A5FE005CCDD6 /* 拍照:图片 */,
				A4F729B31F6A75A40083EE0B /* 注册 */,
				A4F729AF1F6A60E40083EE0B /* 双支付页面 */,
				A4F729AB1F6A589A0083EE0B /* 单支付页面 */,
				A4F7299B1F6A265E0083EE0B /* 支付样式 */,
				A4F7298F1F6A0A510083EE0B /* 支付密码输入框 */,
				A41E35251F7F34C900613641 /* MUKitDemoHeaderViewController.h */,
				A41E35261F7F34C900613641 /* MUKitDemoHeaderViewController.m */,
				A41E352D1F7F3ABD00613641 /* MUKitDemoTestTableHeaderView.h */,
				A41E352E1F7F3ABD00613641 /* MUKitDemoTestTableHeaderView.m */,
				A41E35301F7F3ACA00613641 /* MUKitDemoTestTableHeaderView.xib */,
				6003F59C195388D20070C39A /* MUKitDemoAppDelegate.h */,
				6003F59D195388D20070C39A /* MUKitDemoAppDelegate.m */,
				A4B6F9021F457659008D9168 /* MUKitDemoTableViewController.h */,
				A4B6F9031F457659008D9168 /* MUKitDemoTableViewController.m */,
				A4F7A3541F691BCF00A7ACD9 /* MUKitTestController.h */,
				A4F7A3551F691BCF00A7ACD9 /* MUKitTestController.m */,
				873B8AEA1B1F5CCA007FD442 /* Main.storyboard */,
				6003F5A5195388D20070C39A /* MUKitDemoViewController.h */,
				6003F5A6195388D20070C39A /* MUKitDemoViewController.m */,
				71719F9D1E33DC2100824A3D /* LaunchScreen.storyboard */,
				A40F55FD1F98439700DFB729 /* MUKitDemoQRCodeScanController.h */,
				A40F55FE1F98439700DFB729 /* MUKitDemoQRCodeScanController.m */,
				6003F5A8195388D20070C39A /* Images.xcassets */,
				A47820341F50018500390101 /* AliPaytest */,
				A47820A51F50123C00390101 /* Payment */,
				A48DC0481F4BCCB7006C995E /* MVVMCollectionView */,
				A4B6F9061F457C53008D9168 /* signal */,
				A4B6F9051F457C44008D9168 /* MVVMTableView */,
				6003F594195388D20070C39A /* Supporting Files */,
			);
			name = "Example for MUKit";
			path = MUKit;
			sourceTree = "<group>";
		};
		6003F594195388D20070C39A /* Supporting Files */ = {
			isa = PBXGroup;
			children = (
				6003F595195388D20070C39A /* MUKit-Info.plist */,
				6003F596195388D20070C39A /* InfoPlist.strings */,
				6003F599195388D20070C39A /* main.m */,
				6003F59B195388D20070C39A /* MUKit-Prefix.pch */,
				A43F373A1F99FA42003F720E /* beep.wav */,
			);
			name = "Supporting Files";
			sourceTree = "<group>";
		};
		6003F5B5195388D20070C39A /* Tests */ = {
			isa = PBXGroup;
			children = (
				6003F5BB195388D20070C39A /* Tests.m */,
				6003F5B6195388D20070C39A /* Supporting Files */,
			);
			path = Tests;
			sourceTree = "<group>";
		};
		6003F5B6195388D20070C39A /* Supporting Files */ = {
			isa = PBXGroup;
			children = (
				6003F5B7195388D20070C39A /* Tests-Info.plist */,
				6003F5B8195388D20070C39A /* InfoPlist.strings */,
				606FC2411953D9B200FFA9A0 /* Tests-Prefix.pch */,
			);
			name = "Supporting Files";
			sourceTree = "<group>";
		};
		60FF7A9C1954A5C5007DD14C /* Podspec Metadata */ = {
			isa = PBXGroup;
			children = (
				1A8DC258F3D983B304FDFEB9 /* MUKit.podspec */,
				F106658C02C52E5178DE1A65 /* README.md */,
				2D4A92B6E228D7E4DD7B6410 /* LICENSE */,
			);
			name = "Podspec Metadata";
			sourceTree = "<group>";
		};
		A41742501F74A5FE005CCDD6 /* 拍照:图片 */ = {
			isa = PBXGroup;
			children = (
				A41742511F74A5FE005CCDD6 /* MUCameraAndPhotosManager.h */,
				A41742521F74A5FE005CCDD6 /* MUCameraAndPhotosManager.m */,
				A41742531F74A5FE005CCDD6 /* MUCameraAndPhotosObject.h */,
				A41742541F74A5FE005CCDD6 /* MUCameraAndPhotosObject.m */,
			);
			name = "拍照:图片";
			path = "支付密码输入框/拍照:图片";
			sourceTree = "<group>";
		};
		A43F76461F53B4B40097E0F6 /* Util */ = {
			isa = PBXGroup;
			children = (
				A43F76471F53B4B40097E0F6 /* base64.h */,
				A43F76481F53B4B40097E0F6 /* base64.m */,
				A43F76491F53B4B40097E0F6 /* config.h */,
				A43F764A1F53B4B40097E0F6 /* NSDataEx.h */,
				A43F764B1F53B4B40097E0F6 /* NSDataEx.m */,
				A43F764C1F53B4B40097E0F6 /* openssl_wrapper.h */,
				A43F764D1F53B4B40097E0F6 /* openssl_wrapper.m */,
				A43F764E1F53B4B40097E0F6 /* RSADataSigner.h */,
				A43F764F1F53B4B40097E0F6 /* RSADataSigner.m */,
				A43F76501F53B4B40097E0F6 /* RSADataVerifier.h */,
				A43F76511F53B4B40097E0F6 /* RSADataVerifier.m */,
			);
			path = Util;
			sourceTree = "<group>";
		};
		A45336B51F6B6F5400D0E824 /* Model */ = {
			isa = PBXGroup;
			children = (
				A45336B61F6B70B000D0E824 /* BusinessModel.h */,
				A45336B71F6B70B000D0E824 /* BusinessModel.m */,
				A45336BA1F6B72B600D0E824 /* BusinessParameterModel.h */,
				A45336BB1F6B72B600D0E824 /* BusinessParameterModel.m */,
				A45336C21F6B7A5A00D0E824 /* BusinessUserDataModel.h */,
				A45336C31F6B7A5A00D0E824 /* BusinessUserDataModel.m */,
			);
			path = Model;
			sourceTree = "<group>";
		};
		A45336B91F6B727100D0E824 /* Network */ = {
			isa = PBXGroup;
			children = (
				A45336C01F6B74BE00D0E824 /* 213983660940391.cer */,
				A45336BD1F6B735C00D0E824 /* BusinessHTTPSessionManager.h */,
				A45336BE1F6B735C00D0E824 /* BusinessHTTPSessionManager.m */,
			);
			path = Network;
			sourceTree = "<group>";
		};
		A47820341F50018500390101 /* AliPaytest */ = {
			isa = PBXGroup;
			children = (
				A47820A21F5010C400390101 /* Order.h */,
				A47820A31F5010C400390101 /* Order.m */,
				A478209B1F5006E800390101 /* libcrypto.a */,
				A478209C1F5006E800390101 /* libssl.a */,
				A43F76461F53B4B40097E0F6 /* Util */,
				A47820351F50018500390101 /* openssl */,
			);
			path = AliPaytest;
			sourceTree = "<group>";
		};
		A47820351F50018500390101 /* openssl */ = {
			isa = PBXGroup;
			children = (
				A47820361F50018500390101 /* aes.h */,
				A47820371F50018500390101 /* asn1.h */,
				A47820381F50018500390101 /* asn1_mac.h */,
				A47820391F50018500390101 /* asn1t.h */,
				A478203A1F50018500390101 /* bio.h */,
				A478203B1F50018500390101 /* blowfish.h */,
				A478203C1F50018500390101 /* bn.h */,
				A478203D1F50018500390101 /* buffer.h */,
				A478203E1F50018500390101 /* camellia.h */,
				A478203F1F50018500390101 /* cast.h */,
				A47820401F50018500390101 /* cmac.h */,
				A47820411F50018500390101 /* cms.h */,
				A47820421F50018500390101 /* comp.h */,
				A47820431F50018500390101 /* conf.h */,
				A47820441F50018500390101 /* conf_api.h */,
				A47820451F50018500390101 /* crypto.h */,
				A47820461F50018500390101 /* des.h */,
				A47820471F50018500390101 /* des_old.h */,
				A47820481F50018500390101 /* dh.h */,
				A47820491F50018500390101 /* dsa.h */,
				A478204A1F50018500390101 /* dso.h */,
				A478204B1F50018500390101 /* dtls1.h */,
				A478204C1F50018500390101 /* e_os2.h */,
				A478204D1F50018500390101 /* ebcdic.h */,
				A478204E1F50018500390101 /* ec.h */,
				A478204F1F50018500390101 /* ecdh.h */,
				A47820501F50018500390101 /* ecdsa.h */,
				A47820511F50018500390101 /* engine.h */,
				A47820521F50018500390101 /* err.h */,
				A47820531F50018500390101 /* evp.h */,
				A47820541F50018500390101 /* hmac.h */,
				A47820551F50018500390101 /* idea.h */,
				A47820561F50018500390101 /* krb5_asn.h */,
				A47820571F50018500390101 /* kssl.h */,
				A47820581F50018500390101 /* lhash.h */,
				A47820591F50018500390101 /* md4.h */,
				A478205A1F50018500390101 /* md5.h */,
				A478205B1F50018500390101 /* mdc2.h */,
				A478205C1F50018500390101 /* modes.h */,
				A478205D1F50018500390101 /* obj_mac.h */,
				A478205E1F50018500390101 /* objects.h */,
				A478205F1F50018500390101 /* ocsp.h */,
				A47820601F50018500390101 /* opensslconf.h */,
				A47820611F50018500390101 /* opensslv.h */,
				A47820621F50018500390101 /* ossl_typ.h */,
				A47820631F50018500390101 /* pem.h */,
				A47820641F50018500390101 /* pem2.h */,
				A47820651F50018500390101 /* pkcs12.h */,
				A47820661F50018500390101 /* pkcs7.h */,
				A47820671F50018500390101 /* pqueue.h */,
				A47820681F50018500390101 /* rand.h */,
				A47820691F50018600390101 /* rc2.h */,
				A478206A1F50018600390101 /* rc4.h */,
				A478206B1F50018600390101 /* ripemd.h */,
				A478206C1F50018600390101 /* rsa.h */,
				A478206D1F50018600390101 /* safestack.h */,
				A478206E1F50018600390101 /* seed.h */,
				A478206F1F50018600390101 /* sha.h */,
				A47820701F50018600390101 /* srp.h */,
				A47820711F50018600390101 /* srtp.h */,
				A47820721F50018600390101 /* ssl.h */,
				A47820731F50018600390101 /* ssl2.h */,
				A47820741F50018600390101 /* ssl23.h */,
				A47820751F50018600390101 /* ssl3.h */,
				A47820761F50018600390101 /* stack.h */,
				A47820771F50018600390101 /* symhacks.h */,
				A47820781F50018600390101 /* tls1.h */,
				A47820791F50018600390101 /* ts.h */,
				A478207A1F50018600390101 /* txt_db.h */,
				A478207B1F50018600390101 /* ui.h */,
				A478207C1F50018600390101 /* ui_compat.h */,
				A478207D1F50018600390101 /* whrlpool.h */,
				A478207E1F50018600390101 /* x509.h */,
				A478207F1F50018600390101 /* x509_vfy.h */,
				A47820801F50018600390101 /* x509v3.h */,
			);
			path = openssl;
			sourceTree = "<group>";
		};
		A47820A51F50123C00390101 /* Payment */ = {
			isa = PBXGroup;
			children = (
				A47820A91F50126B00390101 /* MUKitDemoPaymentTableViewController.h */,
				A47820AA1F50126B00390101 /* MUKitDemoPaymentTableViewController.m */,
				A47820A61F50126300390101 /* MUKitDemoLoadingModel.h */,
				A47820A71F50126300390101 /* MUKitDemoLoadingModel.m */,
			);
			path = Payment;
			sourceTree = "<group>";
		};
		A48DC0481F4BCCB7006C995E /* MVVMCollectionView */ = {
			isa = PBXGroup;
			children = (
				A48DC04E1F4BD13D006C995E /* MUKitDemoCollectionViewCell.h */,
				A48DC04F1F4BD13D006C995E /* MUKitDemoCollectionViewCell.m */,
				A48DC0501F4BD13D006C995E /* MUKitDemoCollectionViewCell.xib */,
				A48DC0531F4BD856006C995E /* MUKitDemoMVVMColloectionController.h */,
				A48DC0541F4BD856006C995E /* MUKitDemoMVVMColloectionController.m */,
				A48DC0561F4C0DC2006C995E /* MUKitDemoMVVMCollectionViewCell.h */,
				A48DC0571F4C0DC2006C995E /* MUKitDemoMVVMCollectionViewCell.m */,
				A48DC0581F4C0DC2006C995E /* MUKitDemoMVVMCollectionViewCell.xib */,
				A423E8E11FA81DB40034F8C0 /* MUKitDemoCollectionViewSignalCell.h */,
				A423E8E21FA81DB40034F8C0 /* MUKitDemoCollectionViewSignalCell.m */,
				A423E8E31FA81DB40034F8C0 /* MUKitDemoCollectionViewSignalCell.xib */,
			);
			path = MVVMCollectionView;
			sourceTree = "<group>";
		};
		A4B6F9051F457C44008D9168 /* MVVMTableView */ = {
			isa = PBXGroup;
			children = (
				A45423321F4837790069DF8E /* MUKitDemoTableViewCell.h */,
				A45423331F4837790069DF8E /* MUKitDemoTableViewCell.m */,
				A45423341F4837790069DF8E /* MUKitDemoTableViewCell.xib */,
				A45423351F4837790069DF8E /* MUTableViewCell.h */,
				A45423361F4837790069DF8E /* MUTableViewCell.m */,
				A45423371F4837790069DF8E /* MUTableViewCell.xib */,
				A4B6F9131F458051008D9168 /* MUTableViewSectionModel.h */,
				A4B6F9141F458051008D9168 /* MUTableViewSectionModel.m */,
				A4B6F90D1F457FFF008D9168 /* MUTempModel.h */,
				A4B6F90E1F457FFF008D9168 /* MUTempModel.m */,
				A4B6F9071F457C96008D9168 /* MUKitDemoMVVMTableViewController.h */,
				A4B6F9081F457C96008D9168 /* MUKitDemoMVVMTableViewController.m */,
				A4B6F90A1F457DC1008D9168 /* MUTableViewController.h */,
				A4B6F90B1F457DC1008D9168 /* MUTableViewController.m */,
				A4B6796B1F4831520074AAC0 /* MUKitDemoDynamicRowHeightController.h */,
				A4B6796C1F4831520074AAC0 /* MUKitDemoDynamicRowHeightController.m */,
			);
			path = MVVMTableView;
			sourceTree = "<group>";
		};
		A4B6F9061F457C53008D9168 /* signal */ = {
			isa = PBXGroup;
			children = (
				A4B6F9161F4587D8008D9168 /* MUViewController.h */,
				A4B6F9171F4587D8008D9168 /* MUViewController.m */,
				A4B6F9181F4587D8008D9168 /* MUViewController.xib */,
				A4B6F9191F4587D8008D9168 /* MUView.h */,
				A4B6F91A1F4587D8008D9168 /* MUView.m */,
				A4B6F91B1F4587D8008D9168 /* MUView.xib */,
				A4B6F92A1F4588DC008D9168 /* MUKitSignalTableViewController.h */,
				A4B6F92B1F4588DC008D9168 /* MUKitSignalTableViewController.m */,
				A454233C1F48396F0069DF8E /* MUKitDemoSignalCell.h */,
				A454233D1F48396F0069DF8E /* MUKitDemoSignalCell.m */,
				A454233E1F48396F0069DF8E /* MUKitDemoSignalCell.xib */,
				A4F7A35D1F6921E100A7ACD9 /* MUKitDemoView.h */,
				A4F7A35E1F6921E100A7ACD9 /* MUKitDemoView.m */,
			);
			path = signal;
			sourceTree = "<group>";
		};
		A4D150731FAAF3D600CE2F7C /* 图片多选 */ = {
			isa = PBXGroup;
			children = (
			);
			name = "图片多选";
			path = "支付密码输入框/图片多选";
			sourceTree = "<group>";
		};
		A4F7298F1F6A0A510083EE0B /* 支付密码输入框 */ = {
			isa = PBXGroup;
			children = (
				A4F729901F6A0BB40083EE0B /* MUPasswordView.h */,
				A4F729911F6A0BB40083EE0B /* MUPasswordView.m */,
				A4F729A51F6A2B350083EE0B /* MUPaymentSuccessHUD.h */,
				A4F729A61F6A2B350083EE0B /* MUPaymentSuccessHUD.m */,
				A4F729A81F6A2E280083EE0B /* MUPaymentLoadingHUD.h */,
				A4F729A91F6A2E280083EE0B /* MUPaymentLoadingHUD.m */,
			);
			path = "支付密码输入框";
			sourceTree = "<group>";
		};
		A4F7299B1F6A265E0083EE0B /* 支付样式 */ = {
			isa = PBXGroup;
			children = (
				A4F729A21F6A267B0083EE0B /* MUPaymentStyleManager.h */,
				A4F729A31F6A267B0083EE0B /* MUPaymentStyleManager.m */,
				A4F7299C1F6A265E0083EE0B /* MUTranslucentController.h */,
				A4F7299D1F6A265E0083EE0B /* MUTranslucentController.m */,
				A4F7299E1F6A265E0083EE0B /* MUTranslucentRootController.h */,
				A4F7299F1F6A265E0083EE0B /* MUTranslucentRootController.m */,
			);
			path = "支付样式";
			sourceTree = "<group>";
		};
		A4F729AB1F6A589A0083EE0B /* 单支付页面 */ = {
			isa = PBXGroup;
			children = (
				A4F729AC1F6A58D10083EE0B /* MUSinglePaymentView.h */,
				A4F729AD1F6A58D10083EE0B /* MUSinglePaymentView.m */,
			);
			path = "单支付页面";
			sourceTree = "<group>";
		};
		A4F729AF1F6A60E40083EE0B /* 双支付页面 */ = {
			isa = PBXGroup;
			children = (
				A4F729B01F6A610D0083EE0B /* MUSwitchView.h */,
				A4F729B11F6A610D0083EE0B /* MUSwitchView.m */,
			);
			path = "双支付页面";
			sourceTree = "<group>";
		};
		A4F729B31F6A75A40083EE0B /* 注册 */ = {
			isa = PBXGroup;
			children = (
				A45336B91F6B727100D0E824 /* Network */,
				A45336B51F6B6F5400D0E824 /* Model */,
				A4F729B41F6A76030083EE0B /* ZCHBSellerLoginController.h */,
				A4F729B51F6A76030083EE0B /* ZCHBSellerLoginController.m */,
				A4F729B71F6A776B0083EE0B /* ZCHBSellerLoginHeaderView.h */,
				A4F729B81F6A776B0083EE0B /* ZCHBSellerLoginHeaderView.m */,
				A4F729BA1F6A77750083EE0B /* ZCHBSellerLoginHeaderView.xib */,
				A4F729BC1F6A7C430083EE0B /* ZCHBBusinessmenLoginHeaderView.h */,
				A4F729BD1F6A7C430083EE0B /* ZCHBBusinessmenLoginHeaderView.m */,
				A45336B31F6B643100D0E824 /* ZCHBBusinessmenLoginHeaderView.xib */,
			);
			path = "注册";
			sourceTree = "<group>";
		};
/* End PBXGroup section */

/* Begin PBXNativeTarget section */
		6003F589195388D20070C39A /* MUKit_Example */ = {
			isa = PBXNativeTarget;
			buildConfigurationList = 6003F5BF195388D20070C39A /* Build configuration list for PBXNativeTarget "MUKit_Example" */;
			buildPhases = (
				C854CD217CCF677E77FA5EDA /* [CP] Check Pods Manifest.lock */,
				6003F586195388D20070C39A /* Sources */,
				6003F587195388D20070C39A /* Frameworks */,
				6003F588195388D20070C39A /* Resources */,
				50F6E421D10F22C0FE7286D0 /* [CP] Embed Pods Frameworks */,
				3910123D6FAEC179CFBC0E96 /* [CP] Copy Pods Resources */,
			);
			buildRules = (
			);
			dependencies = (
			);
			name = MUKit_Example;
			productName = MUKit;
			productReference = 6003F58A195388D20070C39A /* MUKit_Example.app */;
			productType = "com.apple.product-type.application";
		};
		6003F5AD195388D20070C39A /* MUKit_Tests */ = {
			isa = PBXNativeTarget;
			buildConfigurationList = 6003F5C2195388D20070C39A /* Build configuration list for PBXNativeTarget "MUKit_Tests" */;
			buildPhases = (
				6003F5AA195388D20070C39A /* Sources */,
				6003F5AB195388D20070C39A /* Frameworks */,
				6003F5AC195388D20070C39A /* Resources */,
			);
			buildRules = (
			);
			dependencies = (
				6003F5B4195388D20070C39A /* PBXTargetDependency */,
			);
			name = MUKit_Tests;
			productName = MUKitTests;
			productReference = 6003F5AE195388D20070C39A /* MUKit_Tests.xctest */;
			productType = "com.apple.product-type.bundle.unit-test";
		};
/* End PBXNativeTarget section */

/* Begin PBXProject section */
		6003F582195388D10070C39A /* Project object */ = {
			isa = PBXProject;
			attributes = {
				CLASSPREFIX = MUKitDemo;
				LastUpgradeCheck = 0830;
				ORGANIZATIONNAME = Jeykit;
				TargetAttributes = {
					6003F589195388D20070C39A = {
						DevelopmentTeam = BD9T3QGFJJ;
					};
					6003F5AD195388D20070C39A = {
						TestTargetID = 6003F589195388D20070C39A;
					};
				};
			};
			buildConfigurationList = 6003F585195388D10070C39A /* Build configuration list for PBXProject "MUKit" */;
			compatibilityVersion = "Xcode 3.2";
			developmentRegion = English;
			hasScannedForEncodings = 0;
			knownRegions = (
				en,
				Base,
			);
			mainGroup = 6003F581195388D10070C39A;
			productRefGroup = 6003F58B195388D20070C39A /* Products */;
			projectDirPath = "";
			projectRoot = "";
			targets = (
				6003F589195388D20070C39A /* MUKit_Example */,
				6003F5AD195388D20070C39A /* MUKit_Tests */,
			);
		};
/* End PBXProject section */

/* Begin PBXResourcesBuildPhase section */
		6003F588195388D20070C39A /* Resources */ = {
			isa = PBXResourcesBuildPhase;
			buildActionMask = 2147483647;
			files = (
				A423E8E51FA81DB40034F8C0 /* MUKitDemoCollectionViewSignalCell.xib in Resources */,
				A43F373B1F99FA42003F720E /* beep.wav in Resources */,
				873B8AEB1B1F5CCA007FD442 /* Main.storyboard in Resources */,
				A48DC05A1F4C0DC2006C995E /* MUKitDemoMVVMCollectionViewCell.xib in Resources */,
				A454233B1F4837790069DF8E /* MUTableViewCell.xib in Resources */,
				A45423401F48396F0069DF8E /* MUKitDemoSignalCell.xib in Resources */,
				71719F9F1E33DC2100824A3D /* LaunchScreen.storyboard in Resources */,
				A45336B41F6B643100D0E824 /* ZCHBBusinessmenLoginHeaderView.xib in Resources */,
				A48DC0521F4BD13D006C995E /* MUKitDemoCollectionViewCell.xib in Resources */,
				6003F5A9195388D20070C39A /* Images.xcassets in Resources */,
				A4B6F9231F4587D8008D9168 /* MUViewController.xib in Resources */,
				A45336C11F6B74BE00D0E824 /* 213983660940391.cer in Resources */,
				A41E35311F7F3ACA00613641 /* MUKitDemoTestTableHeaderView.xib in Resources */,
				A45423391F4837790069DF8E /* MUKitDemoTableViewCell.xib in Resources */,
				A4F729BB1F6A77750083EE0B /* ZCHBSellerLoginHeaderView.xib in Resources */,
				A4B6F9251F4587D8008D9168 /* MUView.xib in Resources */,
				6003F598195388D20070C39A /* InfoPlist.strings in Resources */,
			);
			runOnlyForDeploymentPostprocessing = 0;
		};
		6003F5AC195388D20070C39A /* Resources */ = {
			isa = PBXResourcesBuildPhase;
			buildActionMask = 2147483647;
			files = (
				6003F5BA195388D20070C39A /* InfoPlist.strings in Resources */,
			);
			runOnlyForDeploymentPostprocessing = 0;
		};
/* End PBXResourcesBuildPhase section */

/* Begin PBXShellScriptBuildPhase section */
		3910123D6FAEC179CFBC0E96 /* [CP] Copy Pods Resources */ = {
			isa = PBXShellScriptBuildPhase;
			buildActionMask = 2147483647;
			files = (
			);
			inputPaths = (
				"${SRCROOT}/Pods/Target Support Files/Pods-MUKit_Example/Pods-MUKit_Example-resources.sh",
				"${PODS_ROOT}/AliPay/AlipaySDK.bundle",
				$PODS_CONFIGURATION_BUILD_DIR/MUKit/MUKit.bundle,
			);
			name = "[CP] Copy Pods Resources";
			outputPaths = (
				"${TARGET_BUILD_DIR}/${UNLOCALIZED_RESOURCES_FOLDER_PATH}",
			);
			runOnlyForDeploymentPostprocessing = 0;
			shellPath = /bin/sh;
			shellScript = "\"${SRCROOT}/Pods/Target Support Files/Pods-MUKit_Example/Pods-MUKit_Example-resources.sh\"\n";
			showEnvVarsInLog = 0;
		};
		50F6E421D10F22C0FE7286D0 /* [CP] Embed Pods Frameworks */ = {
			isa = PBXShellScriptBuildPhase;
			buildActionMask = 2147483647;
			files = (
			);
			inputPaths = (
				"${SRCROOT}/Pods/Target Support Files/Pods-MUKit_Example/Pods-MUKit_Example-frameworks.sh",
				"${BUILT_PRODUCTS_DIR}/MUKit/MUKit.framework",
			);
			name = "[CP] Embed Pods Frameworks";
			outputPaths = (
				"${TARGET_BUILD_DIR}/${FRAMEWORKS_FOLDER_PATH}/MUKit.framework",
			);
			runOnlyForDeploymentPostprocessing = 0;
			shellPath = /bin/sh;
			shellScript = "\"${SRCROOT}/Pods/Target Support Files/Pods-MUKit_Example/Pods-MUKit_Example-frameworks.sh\"\n";
			showEnvVarsInLog = 0;
		};
		C854CD217CCF677E77FA5EDA /* [CP] Check Pods Manifest.lock */ = {
			isa = PBXShellScriptBuildPhase;
			buildActionMask = 2147483647;
			files = (
			);
			inputPaths = (
				"${PODS_PODFILE_DIR_PATH}/Podfile.lock",
				"${PODS_ROOT}/Manifest.lock",
			);
			name = "[CP] Check Pods Manifest.lock";
			outputPaths = (
				"$(DERIVED_FILE_DIR)/Pods-MUKit_Example-checkManifestLockResult.txt",
			);
			runOnlyForDeploymentPostprocessing = 0;
			shellPath = /bin/sh;
			shellScript = "diff \"${PODS_PODFILE_DIR_PATH}/Podfile.lock\" \"${PODS_ROOT}/Manifest.lock\" > /dev/null\nif [ $? != 0 ] ; then\n    # print error to STDERR\n    echo \"error: The sandbox is not in sync with the Podfile.lock. Run 'pod install' or update your CocoaPods installation.\" >&2\n    exit 1\nfi\n# This output is used by Xcode 'outputs' to avoid re-running this script phase.\necho \"SUCCESS\" > \"${SCRIPT_OUTPUT_FILE_0}\"\n";
			showEnvVarsInLog = 0;
		};
/* End PBXShellScriptBuildPhase section */

/* Begin PBXSourcesBuildPhase section */
		6003F586195388D20070C39A /* Sources */ = {
			isa = PBXSourcesBuildPhase;
			buildActionMask = 2147483647;
			files = (
				A43F76561F53B4B40097E0F6 /* RSADataVerifier.m in Sources */,
				A43F76531F53B4B40097E0F6 /* NSDataEx.m in Sources */,
				6003F59E195388D20070C39A /* MUKitDemoAppDelegate.m in Sources */,
				A41742551F74A5FE005CCDD6 /* MUCameraAndPhotosManager.m in Sources */,
				A423E8E41FA81DB40034F8C0 /* MUKitDemoCollectionViewSignalCell.m in Sources */,
				A47820AB1F50126B00390101 /* MUKitDemoPaymentTableViewController.m in Sources */,
				A454233A1F4837790069DF8E /* MUTableViewCell.m in Sources */,
				A4B6F9221F4587D8008D9168 /* MUViewController.m in Sources */,
				A4F729A11F6A265E0083EE0B /* MUTranslucentRootController.m in Sources */,
				A45423381F4837790069DF8E /* MUKitDemoTableViewCell.m in Sources */,
				A41E352F1F7F3ABD00613641 /* MUKitDemoTestTableHeaderView.m in Sources */,
				A454233F1F48396F0069DF8E /* MUKitDemoSignalCell.m in Sources */,
				A4B6F90C1F457DC1008D9168 /* MUTableViewController.m in Sources */,
				A43F76541F53B4B40097E0F6 /* openssl_wrapper.m in Sources */,
				A4F7A3561F691BCF00A7ACD9 /* MUKitTestController.m in Sources */,
				A4F729B21F6A610D0083EE0B /* MUSwitchView.m in Sources */,
				A48DC0591F4C0DC2006C995E /* MUKitDemoMVVMCollectionViewCell.m in Sources */,
				A40F55FF1F98439700DFB729 /* MUKitDemoQRCodeScanController.m in Sources */,
				A45336C41F6B7A5A00D0E824 /* BusinessUserDataModel.m in Sources */,
				A4F729B61F6A76030083EE0B /* ZCHBSellerLoginController.m in Sources */,
				A43F76521F53B4B40097E0F6 /* base64.m in Sources */,
				A4F729921F6A0BB40083EE0B /* MUPasswordView.m in Sources */,
				A48DC0511F4BD13D006C995E /* MUKitDemoCollectionViewCell.m in Sources */,
				A41742561F74A5FE005CCDD6 /* MUCameraAndPhotosObject.m in Sources */,
				A43F76551F53B4B40097E0F6 /* RSADataSigner.m in Sources */,
				A47820A41F5010C400390101 /* Order.m in Sources */,
				A4F729BE1F6A7C430083EE0B /* ZCHBBusinessmenLoginHeaderView.m in Sources */,
				A4F729AE1F6A58D10083EE0B /* MUSinglePaymentView.m in Sources */,
				A4F729A01F6A265E0083EE0B /* MUTranslucentController.m in Sources */,
				A45336B81F6B70B000D0E824 /* BusinessModel.m in Sources */,
				A47820A81F50126300390101 /* MUKitDemoLoadingModel.m in Sources */,
				A4F7A35F1F6921E100A7ACD9 /* MUKitDemoView.m in Sources */,
				A45336BC1F6B72B600D0E824 /* BusinessParameterModel.m in Sources */,
				A4B6F90F1F457FFF008D9168 /* MUTempModel.m in Sources */,
				A4B6F9241F4587D8008D9168 /* MUView.m in Sources */,
				A4F729AA1F6A2E280083EE0B /* MUPaymentLoadingHUD.m in Sources */,
				A4F729B91F6A776B0083EE0B /* ZCHBSellerLoginHeaderView.m in Sources */,
				6003F5A7195388D20070C39A /* MUKitDemoViewController.m in Sources */,
				A45336BF1F6B735C00D0E824 /* BusinessHTTPSessionManager.m in Sources */,
				6003F59A195388D20070C39A /* main.m in Sources */,
				A48DC0551F4BD856006C995E /* MUKitDemoMVVMColloectionController.m in Sources */,
				A4B6796D1F4831520074AAC0 /* MUKitDemoDynamicRowHeightController.m in Sources */,
				A41E35271F7F34C900613641 /* MUKitDemoHeaderViewController.m in Sources */,
				A4B6F9041F457659008D9168 /* MUKitDemoTableViewController.m in Sources */,
				A4B6F9091F457C96008D9168 /* MUKitDemoMVVMTableViewController.m in Sources */,
				A4F729A71F6A2B350083EE0B /* MUPaymentSuccessHUD.m in Sources */,
				A4B6F9151F458051008D9168 /* MUTableViewSectionModel.m in Sources */,
				A4F729A41F6A267B0083EE0B /* MUPaymentStyleManager.m in Sources */,
				A4B6F92C1F4588DC008D9168 /* MUKitSignalTableViewController.m in Sources */,
			);
			runOnlyForDeploymentPostprocessing = 0;
		};
		6003F5AA195388D20070C39A /* Sources */ = {
			isa = PBXSourcesBuildPhase;
			buildActionMask = 2147483647;
			files = (
				6003F5BC195388D20070C39A /* Tests.m in Sources */,
			);
			runOnlyForDeploymentPostprocessing = 0;
		};
/* End PBXSourcesBuildPhase section */

/* Begin PBXTargetDependency section */
		6003F5B4195388D20070C39A /* PBXTargetDependency */ = {
			isa = PBXTargetDependency;
			target = 6003F589195388D20070C39A /* MUKit_Example */;
			targetProxy = 6003F5B3195388D20070C39A /* PBXContainerItemProxy */;
		};
/* End PBXTargetDependency section */

/* Begin PBXVariantGroup section */
		6003F596195388D20070C39A /* InfoPlist.strings */ = {
			isa = PBXVariantGroup;
			children = (
				6003F597195388D20070C39A /* en */,
			);
			name = InfoPlist.strings;
			sourceTree = "<group>";
		};
		6003F5B8195388D20070C39A /* InfoPlist.strings */ = {
			isa = PBXVariantGroup;
			children = (
				6003F5B9195388D20070C39A /* en */,
			);
			name = InfoPlist.strings;
			sourceTree = "<group>";
		};
		71719F9D1E33DC2100824A3D /* LaunchScreen.storyboard */ = {
			isa = PBXVariantGroup;
			children = (
				71719F9E1E33DC2100824A3D /* Base */,
			);
			name = LaunchScreen.storyboard;
			sourceTree = "<group>";
		};
/* End PBXVariantGroup section */

/* Begin XCBuildConfiguration section */
		6003F5BD195388D20070C39A /* Debug */ = {
			isa = XCBuildConfiguration;
			buildSettings = {
				ALWAYS_SEARCH_USER_PATHS = NO;
				CLANG_CXX_LANGUAGE_STANDARD = "gnu++0x";
				CLANG_CXX_LIBRARY = "libc++";
				CLANG_ENABLE_MODULES = YES;
				CLANG_ENABLE_OBJC_ARC = YES;
				CLANG_WARN_BOOL_CONVERSION = YES;
				CLANG_WARN_CONSTANT_CONVERSION = YES;
				CLANG_WARN_DIRECT_OBJC_ISA_USAGE = YES_ERROR;
				CLANG_WARN_EMPTY_BODY = YES;
				CLANG_WARN_ENUM_CONVERSION = YES;
				CLANG_WARN_INFINITE_RECURSION = YES;
				CLANG_WARN_INT_CONVERSION = YES;
				CLANG_WARN_OBJC_ROOT_CLASS = YES_ERROR;
				CLANG_WARN_SUSPICIOUS_MOVE = YES;
				CLANG_WARN_UNREACHABLE_CODE = YES;
				CLANG_WARN__DUPLICATE_METHOD_MATCH = YES;
				"CODE_SIGN_IDENTITY[sdk=iphoneos*]" = "iPhone Developer";
				COPY_PHASE_STRIP = NO;
				ENABLE_STRICT_OBJC_MSGSEND = YES;
				ENABLE_TESTABILITY = YES;
				GCC_C_LANGUAGE_STANDARD = gnu99;
				GCC_DYNAMIC_NO_PIC = NO;
				GCC_NO_COMMON_BLOCKS = YES;
				GCC_OPTIMIZATION_LEVEL = 0;
				GCC_PREPROCESSOR_DEFINITIONS = (
					"DEBUG=1",
					"$(inherited)",
				);
				GCC_SYMBOLS_PRIVATE_EXTERN = NO;
				GCC_WARN_64_TO_32_BIT_CONVERSION = YES;
				GCC_WARN_ABOUT_RETURN_TYPE = YES_ERROR;
				GCC_WARN_UNDECLARED_SELECTOR = YES;
				GCC_WARN_UNINITIALIZED_AUTOS = YES_AGGRESSIVE;
				GCC_WARN_UNUSED_FUNCTION = YES;
				GCC_WARN_UNUSED_VARIABLE = YES;
				IPHONEOS_DEPLOYMENT_TARGET = 8.3;
				ONLY_ACTIVE_ARCH = YES;
				SDKROOT = iphoneos;
				TARGETED_DEVICE_FAMILY = "1,2";
			};
			name = Debug;
		};
		6003F5BE195388D20070C39A /* Release */ = {
			isa = XCBuildConfiguration;
			buildSettings = {
				ALWAYS_SEARCH_USER_PATHS = NO;
				CLANG_CXX_LANGUAGE_STANDARD = "gnu++0x";
				CLANG_CXX_LIBRARY = "libc++";
				CLANG_ENABLE_MODULES = YES;
				CLANG_ENABLE_OBJC_ARC = YES;
				CLANG_WARN_BOOL_CONVERSION = YES;
				CLANG_WARN_CONSTANT_CONVERSION = YES;
				CLANG_WARN_DIRECT_OBJC_ISA_USAGE = YES_ERROR;
				CLANG_WARN_EMPTY_BODY = YES;
				CLANG_WARN_ENUM_CONVERSION = YES;
				CLANG_WARN_INFINITE_RECURSION = YES;
				CLANG_WARN_INT_CONVERSION = YES;
				CLANG_WARN_OBJC_ROOT_CLASS = YES_ERROR;
				CLANG_WARN_SUSPICIOUS_MOVE = YES;
				CLANG_WARN_UNREACHABLE_CODE = YES;
				CLANG_WARN__DUPLICATE_METHOD_MATCH = YES;
				"CODE_SIGN_IDENTITY[sdk=iphoneos*]" = "iPhone Developer";
				COPY_PHASE_STRIP = YES;
				ENABLE_NS_ASSERTIONS = NO;
				ENABLE_STRICT_OBJC_MSGSEND = YES;
				GCC_C_LANGUAGE_STANDARD = gnu99;
				GCC_NO_COMMON_BLOCKS = YES;
				GCC_WARN_64_TO_32_BIT_CONVERSION = YES;
				GCC_WARN_ABOUT_RETURN_TYPE = YES_ERROR;
				GCC_WARN_UNDECLARED_SELECTOR = YES;
				GCC_WARN_UNINITIALIZED_AUTOS = YES_AGGRESSIVE;
				GCC_WARN_UNUSED_FUNCTION = YES;
				GCC_WARN_UNUSED_VARIABLE = YES;
				IPHONEOS_DEPLOYMENT_TARGET = 8.3;
				SDKROOT = iphoneos;
				TARGETED_DEVICE_FAMILY = "1,2";
				VALIDATE_PRODUCT = YES;
			};
			name = Release;
		};
		6003F5C0195388D20070C39A /* Debug */ = {
			isa = XCBuildConfiguration;
			baseConfigurationReference = 635E61A0A9703E7523B3A89D /* Pods-MUKit_Example.debug.xcconfig */;
			buildSettings = {
				ASSETCATALOG_COMPILER_APPICON_NAME = AppIcon;
				DEVELOPMENT_TEAM = BD9T3QGFJJ;
				ENABLE_BITCODE = NO;
				GCC_PRECOMPILE_PREFIX_HEADER = YES;
				GCC_PREFIX_HEADER = "MUKit/MUKit-Prefix.pch";
				HEADER_SEARCH_PATHS = (
					"$(inherited)",
					"\"${PODS_ROOT}/Headers/Public\"",
					"\"${PODS_ROOT}/Headers/Public/AliPay\"",
					"\"${PODS_ROOT}/Headers/Public/MUKit\"",
					"$(PROJECT_DIR)/AliPaytest",
				);
				INFOPLIST_FILE = "MUKit/MUKit-Info.plist";
				IPHONEOS_DEPLOYMENT_TARGET = 9.3;
				LIBRARY_SEARCH_PATHS = (
					"$(inherited)",
					"$(PROJECT_DIR)/MUKit/AliPaytest",
				);
				MODULE_NAME = ExampleApp;
				PRODUCT_BUNDLE_IDENTIFIER = "org.cocoapods.demo.${PRODUCT_NAME:rfc1034identifier}";
				PRODUCT_NAME = "$(TARGET_NAME)";
				WRAPPER_EXTENSION = app;
			};
			name = Debug;
		};
		6003F5C1195388D20070C39A /* Release */ = {
			isa = XCBuildConfiguration;
			baseConfigurationReference = CB838454E8D2F8235865F7BC /* Pods-MUKit_Example.release.xcconfig */;
			buildSettings = {
				ASSETCATALOG_COMPILER_APPICON_NAME = AppIcon;
				DEVELOPMENT_TEAM = BD9T3QGFJJ;
				ENABLE_BITCODE = NO;
				GCC_PRECOMPILE_PREFIX_HEADER = YES;
				GCC_PREFIX_HEADER = "MUKit/MUKit-Prefix.pch";
				HEADER_SEARCH_PATHS = (
					"$(inherited)",
					"\"${PODS_ROOT}/Headers/Public\"",
					"\"${PODS_ROOT}/Headers/Public/AliPay\"",
					"\"${PODS_ROOT}/Headers/Public/MUKit\"",
					"$(PROJECT_DIR)/AliPaytest",
				);
				INFOPLIST_FILE = "MUKit/MUKit-Info.plist";
				IPHONEOS_DEPLOYMENT_TARGET = 9.3;
				LIBRARY_SEARCH_PATHS = (
					"$(inherited)",
					"$(PROJECT_DIR)/MUKit/AliPaytest",
				);
				MODULE_NAME = ExampleApp;
				PRODUCT_BUNDLE_IDENTIFIER = "org.cocoapods.demo.${PRODUCT_NAME:rfc1034identifier}";
				PRODUCT_NAME = "$(TARGET_NAME)";
				WRAPPER_EXTENSION = app;
			};
			name = Release;
		};
		6003F5C3195388D20070C39A /* Debug */ = {
			isa = XCBuildConfiguration;
			buildSettings = {
				BUNDLE_LOADER = "$(TEST_HOST)";
				FRAMEWORK_SEARCH_PATHS = (
					"$(SDKROOT)/Developer/Library/Frameworks",
					"$(inherited)",
					"$(DEVELOPER_FRAMEWORKS_DIR)",
				);
				GCC_PRECOMPILE_PREFIX_HEADER = YES;
				GCC_PREFIX_HEADER = "Tests/Tests-Prefix.pch";
				GCC_PREPROCESSOR_DEFINITIONS = (
					"DEBUG=1",
					"$(inherited)",
				);
				INFOPLIST_FILE = "Tests/Tests-Info.plist";
				PRODUCT_BUNDLE_IDENTIFIER = "org.cocoapods.demo.${PRODUCT_NAME:rfc1034identifier}";
				PRODUCT_NAME = "$(TARGET_NAME)";
				TEST_HOST = "$(BUILT_PRODUCTS_DIR)/MUKit_Example.app/MUKit_Example";
				WRAPPER_EXTENSION = xctest;
			};
			name = Debug;
		};
		6003F5C4195388D20070C39A /* Release */ = {
			isa = XCBuildConfiguration;
			buildSettings = {
				BUNDLE_LOADER = "$(TEST_HOST)";
				FRAMEWORK_SEARCH_PATHS = (
					"$(SDKROOT)/Developer/Library/Frameworks",
					"$(inherited)",
					"$(DEVELOPER_FRAMEWORKS_DIR)",
				);
				GCC_PRECOMPILE_PREFIX_HEADER = YES;
				GCC_PREFIX_HEADER = "Tests/Tests-Prefix.pch";
				INFOPLIST_FILE = "Tests/Tests-Info.plist";
				PRODUCT_BUNDLE_IDENTIFIER = "org.cocoapods.demo.${PRODUCT_NAME:rfc1034identifier}";
				PRODUCT_NAME = "$(TARGET_NAME)";
				TEST_HOST = "$(BUILT_PRODUCTS_DIR)/MUKit_Example.app/MUKit_Example";
				WRAPPER_EXTENSION = xctest;
			};
			name = Release;
		};
/* End XCBuildConfiguration section */

/* Begin XCConfigurationList section */
		6003F585195388D10070C39A /* Build configuration list for PBXProject "MUKit" */ = {
			isa = XCConfigurationList;
			buildConfigurations = (
				6003F5BD195388D20070C39A /* Debug */,
				6003F5BE195388D20070C39A /* Release */,
			);
			defaultConfigurationIsVisible = 0;
			defaultConfigurationName = Release;
		};
		6003F5BF195388D20070C39A /* Build configuration list for PBXNativeTarget "MUKit_Example" */ = {
			isa = XCConfigurationList;
			buildConfigurations = (
				6003F5C0195388D20070C39A /* Debug */,
				6003F5C1195388D20070C39A /* Release */,
			);
			defaultConfigurationIsVisible = 0;
			defaultConfigurationName = Release;
		};
		6003F5C2195388D20070C39A /* Build configuration list for PBXNativeTarget "MUKit_Tests" */ = {
			isa = XCConfigurationList;
			buildConfigurations = (
				6003F5C3195388D20070C39A /* Debug */,
				6003F5C4195388D20070C39A /* Release */,
			);
			defaultConfigurationIsVisible = 0;
			defaultConfigurationName = Release;
		};
/* End XCConfigurationList section */
	};
	rootObject = 6003F582195388D10070C39A /* Project object */;
}
